{"cliVersion":"0.20.0","productModuleName":"CutBox","sourceFilePaths":[{"path":"\/Users\/runner\/work\/CutBox\/CutBox\/CutBox\/CutBox\/Source\/App\/AboutPanel\/AboutPanel.swift","hash":"1d6005cd3a32a6aa02b8456d15aea76556aec406"},{"path":"\/Users\/runner\/work\/CutBox\/CutBox\/CutBox\/CutBox\/Source\/App\/Constants.swift","hash":"f915d960040078f5045da3e9da7537bf596d6d01"},{"path":"\/Users\/runner\/work\/CutBox\/CutBox\/CutBox\/CutBox\/Source\/App\/CutBoxController.swift","hash":"b820f701e33b9da42aadb6cf76208a6e67957d18"},{"path":"\/Users\/runner\/work\/CutBox\/CutBox\/CutBox\/CutBox\/Source\/App\/JSFuncSearchPreview\/JSFunItems\/JSFuncItemTableRowContainerView.swift","hash":"b64008006984c359ddf773c7a1dc558531c13846"},{"path":"\/Users\/runner\/work\/CutBox\/CutBox\/CutBox\/CutBox\/Source\/App\/JSFuncSearchPreview\/JSFunItems\/JSFuncItemTableRowImageView.swift","hash":"2d589124019a7dbeb9477359c28e6105f4ff4ca6"},{"path":"\/Users\/runner\/work\/CutBox\/CutBox\/CutBox\/CutBox\/Source\/App\/JSFuncSearchPreview\/JSFunItems\/JSFuncItemTableRowTextView.swift","hash":"3e0353ea066ed44669e20214572d5ce305ea693b"},{"path":"\/Users\/runner\/work\/CutBox\/CutBox\/CutBox\/CutBox\/Source\/App\/JSFuncSearchPreview\/JSFuncSearchAndPreviewView+KeyDown.swift","hash":"9a3073d7bd0847703f431609cf1cd21602f2e2d8"},{"path":"\/Users\/runner\/work\/CutBox\/CutBox\/CutBox\/CutBox\/Source\/App\/JSFuncSearchPreview\/JSFuncSearchAndPreviewView.swift","hash":"b1c5f0e6f541d226115652ac387bc599cc0d6dda"},{"path":"\/Users\/runner\/work\/CutBox\/CutBox\/CutBox\/CutBox\/Source\/App\/JSFuncSearchPreview\/JSFuncSearchTextViewDelegate.swift","hash":"cca55dd8d01b5167e894b1814392419300d3777b"},{"path":"\/Users\/runner\/work\/CutBox\/CutBox\/CutBox\/CutBox\/Source\/App\/JSFuncSearchPreview\/JSFuncSearchViewController.swift","hash":"7aa1c161cd421ba6c6b54b4960f399cb45c62554"},{"path":"\/Users\/runner\/work\/CutBox\/CutBox\/CutBox\/CutBox\/Source\/App\/JSFuncSearchPreview\/JSFuncSearchViewControllerTableViewDelegate.swift","hash":"6c94726ea02b367978b508a06d2c7d01d4ab2f81"},{"path":"\/Users\/runner\/work\/CutBox\/CutBox\/CutBox\/CutBox\/Source\/App\/Preferences\/ColorTheme\/CutBoxColorTheme.swift","hash":"cbe952993dbd799d62d8d458dd6838c08942f50c"},{"path":"\/Users\/runner\/work\/CutBox\/CutBox\/CutBox\/CutBox\/Source\/App\/Preferences\/ColorTheme\/CutBoxColorThemeDefinition.swift","hash":"bbb7ab7e37815f9e79376a3840d8b789d9650999"},{"path":"\/Users\/runner\/work\/CutBox\/CutBox\/CutBox\/CutBox\/Source\/App\/Preferences\/ColorTheme\/CutBoxThemeLoader.swift","hash":"adccf3da2271a30c78b52db0b9bcb1cde7ac38ba"},{"path":"\/Users\/runner\/work\/CutBox\/CutBox\/CutBox\/CutBox\/Source\/App\/Preferences\/PreferencesAdvancedView+ClearHistory.swift","hash":"19c133bf4f79bc8a0098c86c6e35a00bad9210e7"},{"path":"\/Users\/runner\/work\/CutBox\/CutBox\/CutBox\/CutBox\/Source\/App\/Preferences\/PreferencesAdvancedView+HistoryLimit.swift","hash":"daebe6703f13178661c90177a4be292b8f659634"},{"path":"\/Users\/runner\/work\/CutBox\/CutBox\/CutBox\/CutBox\/Source\/App\/Preferences\/PreferencesAdvancedView+HistorySize.swift","hash":"4eea4551d8625a589892245863ab93d438aed233"},{"path":"\/Users\/runner\/work\/CutBox\/CutBox\/CutBox\/CutBox\/Source\/App\/Preferences\/PreferencesAdvancedView+JoinItems.swift","hash":"74136903c4264b1b62f2da875b961b9b4064e6df"},{"path":"\/Users\/runner\/work\/CutBox\/CutBox\/CutBox\/CutBox\/Source\/App\/Preferences\/PreferencesAdvancedView+MultipleItemWrapping.swift","hash":"c0c6655839bb83c566c4b5451fecd5083e2bf334"},{"path":"\/Users\/runner\/work\/CutBox\/CutBox\/CutBox\/CutBox\/Source\/App\/Preferences\/PreferencesAdvancedView.swift","hash":"575677c9ee36dc161f7dae0c67aa860d74e4a3d6"},{"path":"\/Users\/runner\/work\/CutBox\/CutBox\/CutBox\/CutBox\/Source\/App\/Preferences\/PreferencesGeneralView+AutoLogin.swift","hash":"d2e97c478de30e1390926d197d251854ddf00c98"},{"path":"\/Users\/runner\/work\/CutBox\/CutBox\/CutBox\/CutBox\/Source\/App\/Preferences\/PreferencesGeneralView+KeyRecorder.swift","hash":"fdec607e531d512071264799658ec9c957a13454"},{"path":"\/Users\/runner\/work\/CutBox\/CutBox\/CutBox\/CutBox\/Source\/App\/Preferences\/PreferencesGeneralView+ProtectFavorites.swift","hash":"e9661a9a7ec77ceaa16cff6c2164ce820c09cd42"},{"path":"\/Users\/runner\/work\/CutBox\/CutBox\/CutBox\/CutBox\/Source\/App\/Preferences\/PreferencesGeneralView+ShowHiddenDialogButton.swift","hash":"33a8e949421359ec50db06b7c531800bfe37aae0"},{"path":"\/Users\/runner\/work\/CutBox\/CutBox\/CutBox\/CutBox\/Source\/App\/Preferences\/PreferencesGeneralView.swift","hash":"1c40e8ca0a4239def4748683b44f81270c73145a"},{"path":"\/Users\/runner\/work\/CutBox\/CutBox\/CutBox\/CutBox\/Source\/App\/Preferences\/PreferencesJavascriptTransformView.swift","hash":"3437238f20ed1ef3860ad98b6b1220d6ef5dc940"},{"path":"\/Users\/runner\/work\/CutBox\/CutBox\/CutBox\/CutBox\/Source\/App\/Preferences\/PreferencesService\/CutBoxPreferences+JoinAndWrap.swift","hash":"85ece4b1a162aeec6d90048ee5d04aecf4c552e9"},{"path":"\/Users\/runner\/work\/CutBox\/CutBox\/CutBox\/CutBox\/Source\/App\/Preferences\/PreferencesService\/CutBoxPreferences+ResetSuppressedDialogBoxes.swift","hash":"d4918cf47e3c6a7bcde86b8b3b09cccc0e951d5f"},{"path":"\/Users\/runner\/work\/CutBox\/CutBox\/CutBox\/CutBox\/Source\/App\/Preferences\/PreferencesService\/CutBoxPreferences+SelectTheme.swift","hash":"b38533edc12f16323672760cda48a13961b9ace4"},{"path":"\/Users\/runner\/work\/CutBox\/CutBox\/CutBox\/CutBox\/Source\/App\/Preferences\/PreferencesService\/CutBoxPreferences+TextScaling.swift","hash":"53616916b8aade95cfc7c3e9078927d48c13edc9"},{"path":"\/Users\/runner\/work\/CutBox\/CutBox\/CutBox\/CutBox\/Source\/App\/Preferences\/PreferencesService\/CutBoxPreferencesService.swift","hash":"0a03d50d54c7b51b9ef18a2cbb025078f7c517cd"},{"path":"\/Users\/runner\/work\/CutBox\/CutBox\/CutBox\/CutBox\/Source\/App\/Preferences\/PreferencesTabView.swift","hash":"be2d0afb800c03670c1cc23eaad94f336d29d5fa"},{"path":"\/Users\/runner\/work\/CutBox\/CutBox\/CutBox\/CutBox\/Source\/App\/Preferences\/PreferencesTabViewController.swift","hash":"4d47070de1106ef8ecf27dd06ed3025ccd8bf0cd"},{"path":"\/Users\/runner\/work\/CutBox\/CutBox\/CutBox\/CutBox\/Source\/App\/Preferences\/PreferencesThemePreview.swift","hash":"8c9cbd89dd87bfbfd207ada13a6cf3add6df78b7"},{"path":"\/Users\/runner\/work\/CutBox\/CutBox\/CutBox\/CutBox\/Source\/App\/Preferences\/PreferencesThemeSelectionView+HidePreview.swift","hash":"1715f090bceefc86364ba12316c766d32430f0d4"},{"path":"\/Users\/runner\/work\/CutBox\/CutBox\/CutBox\/CutBox\/Source\/App\/Preferences\/PreferencesThemeSelectionView+ThemeSelector.swift","hash":"e807750cb0f5379bd5100a476e4236a4958ff154"},{"path":"\/Users\/runner\/work\/CutBox\/CutBox\/CutBox\/CutBox\/Source\/App\/Preferences\/PreferencesThemeSelectionView+UseCompactUI.swift","hash":"510f8cd1ec73c2ad3c057e68a7a228011e0eea5b"},{"path":"\/Users\/runner\/work\/CutBox\/CutBox\/CutBox\/CutBox\/Source\/App\/Preferences\/PreferencesThemeSelectionView.swift","hash":"f7d199d5ce9f3a4c1bf1c8701e00d08374ef6785"},{"path":"\/Users\/runner\/work\/CutBox\/CutBox\/CutBox\/CutBox\/Source\/App\/Preferences\/PreferencesWindow.swift","hash":"50df03fc37916b66464fe86c72113d4820b846e4"},{"path":"\/Users\/runner\/work\/CutBox\/CutBox\/CutBox\/CutBox\/Source\/App\/SearchAndPreview\/ClipItems\/ClipItemTableRowContainerView.swift","hash":"469341332787f4b273011672ce48f74b350db67b"},{"path":"\/Users\/runner\/work\/CutBox\/CutBox\/CutBox\/CutBox\/Source\/App\/SearchAndPreview\/ClipItems\/ClipItemTableRowImageButtonView.swift","hash":"bba28e55e1be1a630d22bd8343106e00da8a1748"},{"path":"\/Users\/runner\/work\/CutBox\/CutBox\/CutBox\/CutBox\/Source\/App\/SearchAndPreview\/ClipItems\/ClipItemTableRowImageView.swift","hash":"1ca7f434642ec0488212ee46f73a6880da96a60d"},{"path":"\/Users\/runner\/work\/CutBox\/CutBox\/CutBox\/CutBox\/Source\/App\/SearchAndPreview\/ClipItems\/ClipItemTableRowTextView.swift","hash":"4d0a5f0242cbfbca36cf15cdc1e242d59b8f1a0c"},{"path":"\/Users\/runner\/work\/CutBox\/CutBox\/CutBox\/CutBox\/Source\/App\/SearchAndPreview\/ClipItems\/ItemTableRowContainerView.swift","hash":"cd8e588e710efc9a4d6bc21f324f3a7e54120138"},{"path":"\/Users\/runner\/work\/CutBox\/CutBox\/CutBox\/CutBox\/Source\/App\/SearchAndPreview\/ClipItems\/ItemTableRowImageView.swift","hash":"12e5d64f7dbc45ea1e36ff5b8ba4760f24c21fcb"},{"path":"\/Users\/runner\/work\/CutBox\/CutBox\/CutBox\/CutBox\/Source\/App\/SearchAndPreview\/ClipItems\/ItemTableRowTextView.swift","hash":"75024acc588427307502cf1aea1641ed694d6cf8"},{"path":"\/Users\/runner\/work\/CutBox\/CutBox\/CutBox\/CutBox\/Source\/App\/SearchAndPreview\/SearchAndPreview+KeyDownHandler.swift","hash":"295bc5df756522ada01fe15e7800b943800d0111"},{"path":"\/Users\/runner\/work\/CutBox\/CutBox\/CutBox\/CutBox\/Source\/App\/SearchAndPreview\/SearchAndPreviewView.swift","hash":"8254283e6426b9ea05a01e30f5dc57a8bd6651ac"},{"path":"\/Users\/runner\/work\/CutBox\/CutBox\/CutBox\/CutBox\/Source\/App\/SearchAndPreview\/SearchPreviewViewBase.swift","hash":"bffa1b5ed3ac9789100a0999d5e379b396369e8a"},{"path":"\/Users\/runner\/work\/CutBox\/CutBox\/CutBox\/CutBox\/Source\/App\/SearchAndPreview\/SearchTextView.swift","hash":"bffe07e9fa8ea75a30af7b0d2ef2a0f6ef1df164"},{"path":"\/Users\/runner\/work\/CutBox\/CutBox\/CutBox\/CutBox\/Source\/App\/SearchAndPreview\/SearchViewController.swift","hash":"462239e597720a9fe74defe55c9c57aca9cbae00"},{"path":"\/Users\/runner\/work\/CutBox\/CutBox\/CutBox\/CutBox\/Source\/App\/SearchAndPreview\/SearchViewControllerMenuDelegate.swift","hash":"260ee7433ebc43789d949ce13fd0fc891170e5e9"},{"path":"\/Users\/runner\/work\/CutBox\/CutBox\/CutBox\/CutBox\/Source\/App\/SearchAndPreview\/SearchViewControllerTableViewDelegate.swift","hash":"3f884d747a2b2c4d8a9fa201e2fc68b5be34b6fb"},{"path":"\/Users\/runner\/work\/CutBox\/CutBox\/CutBox\/CutBox\/Source\/App\/SearchAndPreview\/SearchViewEvents.swift","hash":"c11096634fbb1dd2fdfa489efbc02de449ac3cd5"},{"path":"\/Users\/runner\/work\/CutBox\/CutBox\/CutBox\/CutBox\/Source\/App\/SearchAndPreview\/SearchViewTextViewDelegate.swift","hash":"2618a8dee73bd8a0a13c99cf4d6c0981e84e0f7d"},{"path":"\/Users\/runner\/work\/CutBox\/CutBox\/CutBox\/CutBox\/Source\/App\/Services\/History\/HistoryLimitNumberFormatter.swift","hash":"960656e0bf372e18167094d73bcb7751983c6c66"},{"path":"\/Users\/runner\/work\/CutBox\/CutBox\/CutBox\/CutBox\/Source\/App\/Services\/History\/HistoryOffsetPredicateFactory.swift","hash":"4de2723d2144f607266c494b2648b1c1bfa1f598"},{"path":"\/Users\/runner\/work\/CutBox\/CutBox\/CutBox\/CutBox\/Source\/App\/Services\/History\/HistoryRepo.swift","hash":"7926dbee94221ac452886a6b99fa0275cbe2d000"},{"path":"\/Users\/runner\/work\/CutBox\/CutBox\/CutBox\/CutBox\/Source\/App\/Services\/History\/HistorySearchMode.swift","hash":"d3201e639763ac65c23c93fb1515690723929f29"},{"path":"\/Users\/runner\/work\/CutBox\/CutBox\/CutBox\/CutBox\/Source\/App\/Services\/History\/HistoryService.swift","hash":"211141e7586fc66d98a500fa4da2073a875433a0"},{"path":"\/Users\/runner\/work\/CutBox\/CutBox\/CutBox\/CutBox\/Source\/App\/Services\/History\/Migration\/HistoryStoreMigration_1_6_x.swift","hash":"ec144a5d63506e69a42cc876fa85904edaeb0179"},{"path":"\/Users\/runner\/work\/CutBox\/CutBox\/CutBox\/CutBox\/Source\/App\/Services\/HotKeyService.swift","hash":"90d735d52593b347db24d0b5c4711bc7068ddc20"},{"path":"\/Users\/runner\/work\/CutBox\/CutBox\/CutBox\/CutBox\/Source\/App\/Services\/JSFuncService.swift","hash":"4f1d0351627d26990d3cba1c330e493ea1bc72b0"},{"path":"\/Users\/runner\/work\/CutBox\/CutBox\/CutBox\/CutBox\/Source\/App\/Services\/LoginItemsService.swift","hash":"5f734f4bf3cc71d09d01bee903c1950269740c5d"},{"path":"\/Users\/runner\/work\/CutBox\/CutBox\/CutBox\/CutBox\/Source\/App\/Services\/VersionService.swift","hash":"30284b9155dc13b6e0c0837c49273ce4812b3294"},{"path":"\/Users\/runner\/work\/CutBox\/CutBox\/CutBox\/CutBox\/Source\/App\/TimeFilter\/TimeFilterValidator.swift","hash":"ebecbebc107d08bb00abdbef152178ac817d9bf0"},{"path":"\/Users\/runner\/work\/CutBox\/CutBox\/CutBox\/CutBox\/Source\/AppDelegate.swift","hash":"df351b2974a195f381294ae392803a7723111434"},{"path":"\/Users\/runner\/work\/CutBox\/CutBox\/CutBox\/CutBox\/Source\/Components\/ConfirmationDialog.swift","hash":"5bc83885503df2b114bb86ed847ab4fb3a2cb049"},{"path":"\/Users\/runner\/work\/CutBox\/CutBox\/CutBox\/CutBox\/Source\/Components\/Popup\/PopupBackgroundView.swift","hash":"8625cded1a6fad6ad5e7ffe6a9ec793681e7c357"},{"path":"\/Users\/runner\/work\/CutBox\/CutBox\/CutBox\/CutBox\/Source\/Components\/Popup\/PopupContainerView.swift","hash":"11769873c03df4d2643e5d9261ba4e15fa22a4b6"},{"path":"\/Users\/runner\/work\/CutBox\/CutBox\/CutBox\/CutBox\/Source\/Components\/Popup\/PopupController.swift","hash":"3bc4abc54663a99dd20fbcd4dc1437458c19e4ec"},{"path":"\/Users\/runner\/work\/CutBox\/CutBox\/CutBox\/CutBox\/Source\/Components\/Popup\/PopupControllerWindowDelegate.swift","hash":"b597b2efd1722ecdef6a0aa9227978a760bce337"},{"path":"\/Users\/runner\/work\/CutBox\/CutBox\/CutBox\/CutBox\/Source\/Components\/Popup\/PopupPanel.swift","hash":"253fc2cb721dabacd8ed19f859f72f717352423c"},{"path":"\/Users\/runner\/work\/CutBox\/CutBox\/CutBox\/CutBox\/Source\/Components\/TextFieldKeyUpRxStream.swift","hash":"e1d68e4262ac1f19be4d48230458b79597e08eac"},{"path":"\/Users\/runner\/work\/CutBox\/CutBox\/CutBox\/CutBox\/Source\/Components\/ValidIndicatorTextField.swift","hash":"d4757a63d20adad73b5448cb58f843e14b40113d"},{"path":"\/Users\/runner\/work\/CutBox\/CutBox\/CutBox\/CutBox\/Source\/Extensions\/Array+IndexSet.swift","hash":"5e37fa16ea3eee1124ee3ebc639522e5dad4011d"},{"path":"\/Users\/runner\/work\/CutBox\/CutBox\/CutBox\/CutBox\/Source\/Extensions\/Array+String+SwiftyStringScore.swift","hash":"05d7561dd60581535b8ffd74fc33355b5bb8b534"},{"path":"\/Users\/runner\/work\/CutBox\/CutBox\/CutBox\/CutBox\/Source\/Extensions\/Array+removeAtIndexes.swift","hash":"071e452583c7e43fa1a1765b5e742b6288b16fe5"},{"path":"\/Users\/runner\/work\/CutBox\/CutBox\/CutBox\/CutBox\/Source\/Extensions\/Collection+Safe.swift","hash":"3f32e250725c11142d253edbd8da5edf8db0dd72"},{"path":"\/Users\/runner\/work\/CutBox\/CutBox\/CutBox\/CutBox\/Source\/Extensions\/DisableScrollView.swift","hash":"758c7c020818a16eba811877d632c761e8d5e1df"},{"path":"\/Users\/runner\/work\/CutBox\/CutBox\/CutBox\/CutBox\/Source\/Extensions\/Int+doTimes.swift","hash":"489360713e948408bb68955db113f07fed27bc37"},{"path":"\/Users\/runner\/work\/CutBox\/CutBox\/CutBox\/CutBox\/Source\/Extensions\/JSContext+subscript.swift","hash":"1b1d3539fefea9635e85afbe675dbd62d0b527d0"},{"path":"\/Users\/runner\/work\/CutBox\/CutBox\/CutBox\/CutBox\/Source\/Extensions\/KeyCombo+Archive.swift","hash":"0b0b7b2c39ba1cdd692b9773de71396f2c33da1c"},{"path":"\/Users\/runner\/work\/CutBox\/CutBox\/CutBox\/CutBox\/Source\/Extensions\/NSAttributedString+HTML.swift","hash":"ef725009f52f1d273c165327cfd14fd05cac6926"},{"path":"\/Users\/runner\/work\/CutBox\/CutBox\/CutBox\/CutBox\/Source\/Extensions\/NSColor+HexColorString.swift","hash":"8b0f64c48fb42c3e1d45b845066cca1c05b7174d"},{"path":"\/Users\/runner\/work\/CutBox\/CutBox\/CutBox\/CutBox\/Source\/Extensions\/NSEvent+CarbonConvenience.swift","hash":"9e1acb8ff1fa50701d62fef99091dcf6e0d4497f"},{"path":"\/Users\/runner\/work\/CutBox\/CutBox\/CutBox\/CutBox\/Source\/Extensions\/NSImage+tint.swift","hash":"33f46a8200ada978d5c6f0d821ce771bd42ee07a"},{"path":"\/Users\/runner\/work\/CutBox\/CutBox\/CutBox\/CutBox\/Source\/Extensions\/NSObject+fromNib.swift","hash":"7d48445353065fcd430b138db2e1ec007f97f91d"},{"path":"\/Users\/runner\/work\/CutBox\/CutBox\/CutBox\/CutBox\/Source\/Extensions\/NSScreen+currentScreenForMouseLocation.swift","hash":"5dda9848fb898730aeb380d1583c3bb93d088314"},{"path":"\/Users\/runner\/work\/CutBox\/CutBox\/CutBox\/CutBox\/Source\/Extensions\/NSTableView+getRowView.swift","hash":"fd6c420215bde017f4b8bc8dea3a5de15a19f84f"},{"path":"\/Users\/runner\/work\/CutBox\/CutBox\/CutBox\/CutBox\/Source\/Extensions\/OrderedSet.swift","hash":"281172f79858078c7a68ec64cf3b94997cc5e6af"},{"path":"\/Users\/runner\/work\/CutBox\/CutBox\/CutBox\/CutBox\/Source\/Extensions\/String+L10n.swift","hash":"91855842fb3b44c02ff77f4eba9b87fbf7a52487"},{"path":"\/Users\/runner\/work\/CutBox\/CutBox\/CutBox\/CutBox\/Source\/Extensions\/String+Utils.swift","hash":"1c94a7104844c745e01f515b5aec17b9ae75093c"},{"path":"\/Users\/runner\/work\/CutBox\/CutBox\/CutBox\/CutBox\/Source\/Utilities\/FakeKey.swift","hash":"ad96b800454f4bbdbfe9372ff2dda42eb4c5969b"},{"path":"\/Users\/runner\/work\/CutBox\/CutBox\/CutBox\/CutBox\/Source\/Utilities\/ISO8601Helpers.swift","hash":"1ed9e396a610e8efcc80851fd3438d600a3108f4"}],"configHash":"49ce263bbf9829844585940c4677fdbd9599e5a6","dependencyPathsHash":"0d4f9ef485f783f8686a0b6728b0154dfd2fbb36","targetPathsHash":"d4d4ceb09806aa0a62aaa3f762ec20dbf682c194","mockedTypesHash":"da39a3ee5e6b4b0d3255bfef95601890afd80709","outputHash":"46883aa3677a38b65c3dd31b9d9c505c9aca32dc","dependencies":[],"sourceRoot":"\/Users\/runner\/work\/CutBox\/CutBox\/CutBox","supportingFilePaths":[{"path":"\/Users\/runner\/work\/CutBox\/CutBox\/CutBox\/MockingbirdSupport\/AppKit\/NSResponder.swift","hash":"21296949c6d570892c8665a450e62c234c938790"},{"path":"\/Users\/runner\/work\/CutBox\/CutBox\/CutBox\/MockingbirdSupport\/AppKit\/NSView.swift","hash":"85b3183be144012a7e105e292426c3d9f8966072"},{"path":"\/Users\/runner\/work\/CutBox\/CutBox\/CutBox\/MockingbirdSupport\/AppKit\/NSViewController.swift","hash":"d8785e8a119f2723c8840534df0ad8ac61409797"},{"path":"\/Users\/runner\/work\/CutBox\/CutBox\/CutBox\/MockingbirdSupport\/Foundation\/ObjectiveC\/NSObject.swift","hash":"cf466772b8c2d80d31f34b93b501b398fbb8854d"},{"path":"\/Users\/runner\/work\/CutBox\/CutBox\/CutBox\/MockingbirdSupport\/Foundation\/ObjectiveC\/NSObject.swift","hash":"cf466772b8c2d80d31f34b93b501b398fbb8854d"},{"path":"\/Users\/runner\/work\/CutBox\/CutBox\/CutBox\/MockingbirdSupport\/Swift\/Codable.swift","hash":"57675d8b36a2db7b093b3542bd3225a88992c3bc"},{"path":"\/Users\/runner\/work\/CutBox\/CutBox\/CutBox\/MockingbirdSupport\/Swift\/Comparable.swift","hash":"d0d110744eeaf2f8fdd2f8a41df3452f35286bb7"},{"path":"\/Users\/runner\/work\/CutBox\/CutBox\/CutBox\/MockingbirdSupport\/Swift\/Equatable.swift","hash":"2e7674f4e23a5ab7aef45b91b63c0ed5934c3b83"},{"path":"\/Users\/runner\/work\/CutBox\/CutBox\/CutBox\/MockingbirdSupport\/Swift\/Hashable.swift","hash":"f59ec249aa03e312f2bda7c3b397c0dccd880a21"},{"path":"\/Users\/runner\/work\/CutBox\/CutBox\/CutBox\/MockingbirdSupport\/Swift\/Misc.swift","hash":"c139249ec5799f1ec64c3d9e7d8c1f286b894035"},{"path":"\/Users\/runner\/work\/CutBox\/CutBox\/CutBox\/MockingbirdSupport\/UIKit\/UIControl.swift","hash":"9363a4c38002598dbbc1198f16fe7198b8151d24"},{"path":"\/Users\/runner\/work\/CutBox\/CutBox\/CutBox\/MockingbirdSupport\/UIKit\/UILabel.swift","hash":"e26a734695bfe008598ed0d8c936683db78f40ac"},{"path":"\/Users\/runner\/work\/CutBox\/CutBox\/CutBox\/MockingbirdSupport\/UIKit\/UIView.swift","hash":"10e6b03a9c5a76f720c17fcb82af82ff66994926"},{"path":"\/Users\/runner\/work\/CutBox\/CutBox\/CutBox\/MockingbirdSupport\/UIKit\/UIViewController.swift","hash":"bbd8980a22029f339b0e8746124fd06d94730570"}],"name":"CutBox","projectHash":"0adbc11c203805e4a4edc696710abaa9dadf2c59"}