{"projectHash":"88ed4bacfd1d9e3ced59c76ae041d9e749781b9d","productModuleName":"CutBoxUnitTests","mockedTypeNames":["\/Users\/runner\/work\/CutBox\/CutBox\/CutBox\/CutBox\/Source\/App\/SearchAndPreview\/SearchViewControllerMenuDelegate.swift",[],"\/Users\/runner\/work\/CutBox\/CutBox\/CutBox\/CutBox\/Source\/App\/SearchAndPreview\/ClipItems\/ClipItemTableRowTextView.swift",[],"\/Users\/runner\/work\/CutBox\/CutBox\/CutBox\/CutBox\/Source\/Extensions\/JSContext+subscript.swift",[],"\/Users\/runner\/work\/CutBox\/CutBox\/CutBox\/CutBox\/Source\/App\/CutBoxController.swift",[],"\/Users\/runner\/work\/CutBox\/CutBox\/CutBox\/CutBox\/Source\/App\/Preferences\/PreferencesTabView.swift",[],"\/Users\/runner\/work\/CutBox\/CutBox\/CutBox\/CutBoxUnitTests\/History\/Migration\/HistoryStoreMigration_1_6_x_Spec.swift",[],"\/Users\/runner\/work\/CutBox\/CutBox\/CutBox\/CutBox\/Source\/App\/SearchAndPreview\/ClipItems\/ClipItemTableRowContainerView.swift",[],"\/Users\/runner\/work\/CutBox\/CutBox\/CutBox\/CutBox\/Source\/Utilities\/ISO8601Helpers.swift",[],"\/Users\/runner\/work\/CutBox\/CutBox\/CutBox\/CutBox\/Source\/App\/Services\/HotKeyService.swift",[],"\/Users\/runner\/work\/CutBox\/CutBox\/CutBox\/CutBoxUnitTests\/History\/HistoryOffsetPredicateFactorySpec.swift",[],"\/Users\/runner\/work\/CutBox\/CutBox\/CutBox\/CutBoxUnitTests\/SharedMocks\/UserDefaultsMock.swift",[],"\/Users\/runner\/work\/CutBox\/CutBox\/CutBox\/CutBoxUnitTests\/Preferences\/CutBoxPreferencesServiceSpec.swift",[],"\/Users\/runner\/work\/CutBox\/CutBox\/CutBox\/CutBox\/Source\/App\/Preferences\/ColorTheme\/CutBoxColorTheme.swift",[],"\/Users\/runner\/work\/CutBox\/CutBox\/CutBox\/CutBox\/Source\/App\/SearchAndPreview\/ClipItems\/ClipItemTableRowImageButtonView.swift",[],"\/Users\/runner\/work\/CutBox\/CutBox\/CutBox\/CutBox\/Source\/App\/SearchAndPreview\/SearchAndPreviewView.swift",[],"\/Users\/runner\/work\/CutBox\/CutBox\/CutBox\/CutBox\/Source\/App\/Preferences\/PreferencesService\/CutBoxPreferencesService.swift",[],"\/Users\/runner\/work\/CutBox\/CutBox\/CutBox\/CutBoxUnitTests\/Extensions\/Collection+SafeSpec.swift",[],"\/Users\/runner\/work\/CutBox\/CutBox\/CutBox\/CutBox\/Source\/App\/JSFuncSearchPreview\/JSFuncSearchViewController.swift",[],"\/Users\/runner\/work\/CutBox\/CutBox\/CutBox\/CutBox\/Source\/Utilities\/FakeKey.swift",[],"\/Users\/runner\/work\/CutBox\/CutBox\/CutBox\/CutBox\/Source\/App\/Preferences\/PreferencesJavascriptTransformView.swift",[],"\/Users\/runner\/work\/CutBox\/CutBox\/CutBox\/CutBox\/Source\/App\/Services\/JSFuncService.swift",[],"\/Users\/runner\/work\/CutBox\/CutBox\/CutBox\/CutBoxUnitTests\/Extensions\/Array+String+SwiftyStringScoreSpec.swift",[],"\/Users\/runner\/work\/CutBox\/CutBox\/CutBox\/CutBoxUnitTests\/Extensions\/String+UtilsSpec.swift",[],"\/Users\/runner\/work\/CutBox\/CutBox\/CutBox\/CutBox\/Source\/Extensions\/Array+IndexSet.swift",[],"\/Users\/runner\/work\/CutBox\/CutBox\/CutBox\/CutBoxUnitTests\/History\/TimeFilterValidatorSpec.swift",[],"\/Users\/runner\/work\/CutBox\/CutBox\/CutBox\/CutBox\/Source\/App\/Preferences\/PreferencesAdvancedView+HistoryLimit.swift",[],"\/Users\/runner\/work\/CutBox\/CutBox\/CutBox\/CutBoxUnitTests\/JSFunc\/JSFuncServiceSpec.swift",[],"\/Users\/runner\/work\/CutBox\/CutBox\/CutBox\/CutBox\/Source\/App\/Services\/History\/HistoryService.swift",[],"\/Users\/runner\/work\/CutBox\/CutBox\/CutBox\/CutBox\/Source\/App\/Preferences\/ColorTheme\/CutBoxThemeLoader.swift",[],"\/Users\/runner\/work\/CutBox\/CutBox\/CutBox\/CutBox\/Source\/App\/Services\/VersionService.swift",[],"\/Users\/runner\/work\/CutBox\/CutBox\/CutBox\/CutBox\/Source\/App\/Preferences\/PreferencesAdvancedView+JoinItems.swift",[],"\/Users\/runner\/work\/CutBox\/CutBox\/CutBox\/CutBox\/Source\/App\/SearchAndPreview\/SearchAndPreview+KeyDownHandler.swift",[],"\/Users\/runner\/work\/CutBox\/CutBox\/CutBox\/CutBox\/Source\/App\/Preferences\/ColorTheme\/CutBoxColorThemeDefinition.swift",[],"\/Users\/runner\/work\/CutBox\/CutBox\/CutBox\/CutBox\/Source\/App\/JSFuncSearchPreview\/JSFuncSearchAndPreviewView+KeyDown.swift",[],"\/Users\/runner\/work\/CutBox\/CutBox\/CutBox\/CutBox\/Source\/App\/JSFuncSearchPreview\/JSFunItems\/JSFuncItemTableRowImageView.swift",[],"\/Users\/runner\/work\/CutBox\/CutBox\/CutBox\/CutBox\/Source\/App\/JSFuncSearchPreview\/JSFuncSearchAndPreviewView.swift",[],"\/Users\/runner\/work\/CutBox\/CutBox\/CutBox\/CutBox\/Source\/App\/SearchAndPreview\/ClipItems\/ClipItemTableRowImageView.swift",[],"\/Users\/runner\/work\/CutBox\/CutBox\/CutBox\/CutBox\/Source\/App\/Preferences\/PreferencesService\/CutBoxPreferences+ResetSuppressedDialogBoxes.swift",[],"\/Users\/runner\/work\/CutBox\/CutBox\/CutBox\/CutBox\/Source\/Components\/Popup\/PopupController.swift",[],"\/Users\/runner\/work\/CutBox\/CutBox\/CutBox\/CutBox\/Source\/App\/SearchAndPreview\/SearchPreviewViewBase.swift",[],"\/Users\/runner\/work\/CutBox\/CutBox\/CutBox\/CutBox\/Source\/App\/Services\/LoginItemsService.swift",[],"\/Users\/runner\/work\/CutBox\/CutBox\/CutBox\/CutBoxUnitTests\/Extensions\/Int+doTimesSpec.swift",[],"\/Users\/runner\/work\/CutBox\/CutBox\/CutBox\/CutBox\/Source\/App\/SearchAndPreview\/SearchViewTextViewDelegate.swift",[],"\/Users\/runner\/work\/CutBox\/CutBox\/CutBox\/CutBoxUnitTests\/Preferences\/PreferencesWindowSpec.swift",[],"\/Users\/runner\/work\/CutBox\/CutBox\/CutBox\/CutBox\/Source\/Extensions\/KeyCombo+Archive.swift",[],"\/Users\/runner\/work\/CutBox\/CutBox\/CutBox\/CutBox\/Source\/App\/JSFuncSearchPreview\/JSFunItems\/JSFuncItemTableRowTextView.swift",[],"\/Users\/runner\/work\/CutBox\/CutBox\/CutBox\/CutBox\/Source\/App\/Preferences\/PreferencesAdvancedView+MultipleItemWrapping.swift",[],"\/Users\/runner\/work\/CutBox\/CutBox\/CutBox\/CutBox\/Source\/App\/Preferences\/PreferencesGeneralView+ShowHiddenDialogButton.swift",[],"\/Users\/runner\/work\/CutBox\/CutBox\/CutBox\/CutBox\/Source\/App\/SearchAndPreview\/SearchViewEvents.swift",[],"\/Users\/runner\/work\/CutBox\/CutBox\/CutBox\/CutBox\/Source\/App\/Preferences\/PreferencesService\/CutBoxPreferences+JoinAndWrap.swift",[],"\/Users\/runner\/work\/CutBox\/CutBox\/CutBox\/CutBox\/Source\/App\/Services\/History\/HistoryLimitNumberFormatter.swift",[],"\/Users\/runner\/work\/CutBox\/CutBox\/CutBox\/CutBoxUnitTests\/Extensions\/Array+String+RegexpSearchFilteredSpec.swift",[],"\/Users\/runner\/work\/CutBox\/CutBox\/CutBox\/CutBox\/Source\/App\/SearchAndPreview\/ClipItems\/ItemTableRowContainerView.swift",[],"\/Users\/runner\/work\/CutBox\/CutBox\/CutBox\/CutBox\/Source\/App\/JSFuncSearchPreview\/JSFuncSearchTextViewDelegate.swift",[],"\/Users\/runner\/work\/CutBox\/CutBox\/CutBox\/CutBox\/Source\/Extensions\/NSColor+HexColorString.swift",[],"\/Users\/runner\/work\/CutBox\/CutBox\/CutBox\/CutBox\/Source\/Components\/Popup\/PopupContainerView.swift",[],"\/Users\/runner\/work\/CutBox\/CutBox\/CutBox\/CutBoxUnitTests\/Extensions\/OrderedSetSpec.swift",[],"\/Users\/runner\/work\/CutBox\/CutBox\/CutBox\/CutBoxUnitTests\/History\/HistoryServiceSpec.swift",[],"\/Users\/runner\/work\/CutBox\/CutBox\/CutBox\/CutBox\/Source\/App\/Preferences\/PreferencesService\/CutBoxPreferences+SelectTheme.swift",[],"\/Users\/runner\/work\/CutBox\/CutBox\/CutBox\/CutBoxUnitTests\/Extensions\/Array+IndexSetSpec.swift",[],"\/Users\/runner\/work\/CutBox\/CutBox\/CutBox\/CutBox\/Source\/Extensions\/DisableScrollView.swift",[],"\/Users\/runner\/work\/CutBox\/CutBox\/CutBox\/CutBox\/Source\/App\/TimeFilter\/TimeFilterValidator.swift",[],"\/Users\/runner\/work\/CutBox\/CutBox\/CutBox\/CutBoxUnitTests\/History\/HistoryRepoSpec.swift",[],"\/Users\/runner\/work\/CutBox\/CutBox\/CutBox\/CutBox\/Source\/Utilities\/StandardErrorOutputStream.swift",[],"\/Users\/runner\/work\/CutBox\/CutBox\/CutBox\/CutBoxUnitTests\/SharedMocks\/UserDefaultsMockSpec.swift",[],"\/Users\/runner\/work\/CutBox\/CutBox\/CutBox\/CutBox\/Source\/App\/Preferences\/PreferencesThemeSelectionView+UseCompactUI.swift",[],"\/Users\/runner\/work\/CutBox\/CutBox\/CutBox\/CutBox\/Source\/App\/JSFuncSearchPreview\/JSFuncSearchViewControllerTableViewDelegate.swift",[],"\/Users\/runner\/work\/CutBox\/CutBox\/CutBox\/CutBox\/Source\/Extensions\/Int+doTimes.swift",[],"\/Users\/runner\/work\/CutBox\/CutBox\/CutBox\/CutBox\/Source\/CutBox.swift",[],"\/Users\/runner\/work\/CutBox\/CutBox\/CutBox\/CutBox\/Source\/App\/Preferences\/PreferencesGeneralView+ProtectFavorites.swift",[],"\/Users\/runner\/work\/CutBox\/CutBox\/CutBox\/CutBox\/Source\/App\/JSFuncSearchPreview\/JSFunItems\/JSFuncItemTableRowContainerView.swift",[],"\/Users\/runner\/work\/CutBox\/CutBox\/CutBox\/CutBox\/Source\/App\/Services\/History\/HistoryRepo.swift",[],"\/Users\/runner\/work\/CutBox\/CutBox\/CutBox\/CutBox\/Source\/Components\/TextFieldKeyUpRxStream.swift",[],"\/Users\/runner\/work\/CutBox\/CutBox\/CutBox\/CutBox\/Source\/App\/SearchAndPreview\/ClipItems\/ItemTableRowImageView.swift",[],"\/Users\/runner\/work\/CutBox\/CutBox\/CutBox\/CutBox\/Source\/App\/Preferences\/PreferencesThemePreview.swift",[],"\/Users\/runner\/work\/CutBox\/CutBox\/CutBox\/CutBox\/Source\/App\/Services\/History\/HistorySearchMode.swift",[],"\/Users\/runner\/work\/CutBox\/CutBox\/CutBox\/CutBox\/Source\/Extensions\/String+L10n.swift",[],"\/Users\/runner\/work\/CutBox\/CutBox\/CutBox\/CutBox\/Source\/Extensions\/NSEvent+CarbonConvenience.swift",[],"\/Users\/runner\/work\/CutBox\/CutBox\/CutBox\/CutBox\/Source\/Extensions\/Array+String+SwiftyStringScore.swift",[],"\/Users\/runner\/work\/CutBox\/CutBox\/CutBox\/CutBox\/Source\/Components\/Popup\/PopupBackgroundView.swift",[],"\/Users\/runner\/work\/CutBox\/CutBox\/CutBox\/CutBox\/Source\/App\/SearchAndPreview\/SearchTextView.swift",[],"\/Users\/runner\/work\/CutBox\/CutBox\/CutBox\/CutBox\/Source\/Extensions\/NSScreen+currentScreenForMouseLocation.swift",[],"\/Users\/runner\/work\/CutBox\/CutBox\/CutBox\/CutBox\/Source\/Extensions\/NSTableView+getRowView.swift",[],"\/Users\/runner\/work\/CutBox\/CutBox\/CutBox\/CutBox\/Source\/App\/Preferences\/PreferencesGeneralView.swift",[],"\/Users\/runner\/work\/CutBox\/CutBox\/CutBox\/CutBox\/Source\/Components\/ConfirmationDialog.swift",[],"\/Users\/runner\/work\/CutBox\/CutBox\/CutBox\/CutBox\/Source\/App\/Preferences\/PreferencesAdvancedView+ClearHistory.swift",[],"\/Users\/runner\/work\/CutBox\/CutBox\/CutBox\/CutBox\/Source\/Extensions\/Collection+Safe.swift",[],"\/Users\/runner\/work\/CutBox\/CutBox\/CutBox\/CutBox\/Source\/App\/Preferences\/PreferencesThemeSelectionView+HidePreview.swift",[],"\/Users\/runner\/work\/CutBox\/CutBox\/CutBox\/CutBox\/Source\/Extensions\/Array+removeAtIndexes.swift",[],"\/Users\/runner\/work\/CutBox\/CutBox\/CutBox\/CutBoxUnitTests\/Preferences\/CutBoxPreferencesService+SelectThemeSpec.swift",[],"\/Users\/runner\/work\/CutBox\/CutBox\/CutBox\/CutBox\/Source\/App\/SearchAndPreview\/SearchViewController.swift",[],"\/Users\/runner\/work\/CutBox\/CutBox\/CutBox\/CutBoxUnitTests\/Preferences\/CutBoxPreferencesService+JoinAndWrapSpec.swift",[],"\/Users\/runner\/work\/CutBox\/CutBox\/CutBox\/CutBox\/Source\/App\/Preferences\/PreferencesTabViewController.swift",[],"\/Users\/runner\/work\/CutBox\/CutBox\/CutBox\/CutBox\/Source\/App\/SearchAndPreview\/ClipItems\/ItemTableRowTextView.swift",[],"\/Users\/runner\/work\/CutBox\/CutBox\/CutBox\/CutBox\/Source\/App\/Services\/History\/HistoryOffsetPredicateFactory.swift",[],"\/Users\/runner\/work\/CutBox\/CutBox\/CutBox\/CutBox\/Source\/Extensions\/NSObject+fromNib.swift",[],"\/Users\/runner\/work\/CutBox\/CutBox\/CutBox\/CutBox\/Source\/App\/Preferences\/PreferencesThemeSelectionView.swift",[],"\/Users\/runner\/work\/CutBox\/CutBox\/CutBox\/CutBox\/Source\/Components\/ValidIndicatorTextField.swift",[],"\/Users\/runner\/work\/CutBox\/CutBox\/CutBox\/CutBoxUnitTests\/Extensions\/JSContext+subscriptSpec.swift",[],"\/Users\/runner\/work\/CutBox\/CutBox\/CutBox\/CutBoxUnitTests\/Preferences\/CutBoxThemeSpec.swift",[],"\/Users\/runner\/work\/CutBox\/CutBox\/CutBox\/CutBox\/Source\/App\/Preferences\/PreferencesWindow.swift",[],"\/Users\/runner\/work\/CutBox\/CutBox\/CutBox\/CutBox\/Source\/App\/Preferences\/PreferencesGeneralView+AutoLogin.swift",[],"\/Users\/runner\/work\/CutBox\/CutBox\/CutBox\/CutBox\/Source\/App\/Preferences\/PreferencesService\/CutBoxPreferences+TextScaling.swift",[],"\/Users\/runner\/work\/CutBox\/CutBox\/CutBox\/CutBox\/Source\/Extensions\/NSAttributedString+HTML.swift",[],"\/Users\/runner\/work\/CutBox\/CutBox\/CutBox\/CutBox\/Source\/Extensions\/String+Utils.swift",[],"\/Users\/runner\/work\/CutBox\/CutBox\/CutBox\/CutBox\/Source\/App\/SearchAndPreview\/SearchViewControllerTableViewDelegate.swift",[],"\/Users\/runner\/work\/CutBox\/CutBox\/CutBox\/CutBox\/Source\/App\/AboutPanel\/AboutPanel.swift",[],"\/Users\/runner\/work\/CutBox\/CutBox\/CutBox\/CutBox\/Source\/App\/Services\/History\/Migration\/HistoryStoreMigration_1_6_x.swift",[],"\/Users\/runner\/work\/CutBox\/CutBox\/CutBox\/CutBox\/Source\/Extensions\/NSImage+tint.swift",[],"\/Users\/runner\/work\/CutBox\/CutBox\/CutBox\/CutBox\/Source\/App\/Preferences\/PreferencesAdvancedView.swift",[],"\/Users\/runner\/work\/CutBox\/CutBox\/CutBox\/CutBox\/Source\/App\/Preferences\/PreferencesGeneralView+KeyRecorder.swift",[],"\/Users\/runner\/work\/CutBox\/CutBox\/CutBox\/CutBox\/Source\/Components\/Popup\/PopupControllerWindowDelegate.swift",[],"\/Users\/runner\/work\/CutBox\/CutBox\/CutBox\/CutBox\/Source\/Components\/Popup\/PopupPanel.swift",[],"\/Users\/runner\/work\/CutBox\/CutBox\/CutBox\/CutBox\/Source\/Extensions\/OrderedSet.swift",[],"\/Users\/runner\/work\/CutBox\/CutBox\/CutBox\/CutBoxUnitTests\/Extensions\/NSColor+HexColorStringSpec.swift",[],"\/Users\/runner\/work\/CutBox\/CutBox\/CutBox\/CutBox\/Source\/App\/Constants.swift",[],"\/Users\/runner\/work\/CutBox\/CutBox\/CutBox\/CutBoxUnitTests\/Preferences\/CutBoxPreferencesService+HistoryLimitSpec.swift",[],"\/Users\/runner\/work\/CutBox\/CutBox\/CutBox\/CutBox\/Source\/App\/Preferences\/PreferencesThemeSelectionView+ThemeSelector.swift",[],"\/Users\/runner\/work\/CutBox\/CutBox\/CutBox\/CutBox\/Source\/App\/Preferences\/PreferencesAdvancedView+HistorySize.swift",[]],"cliVersion":"0.20.0","sourceFilePaths":[{"path":"\/Users\/runner\/work\/CutBox\/CutBox\/CutBox\/CutBox\/Source\/App\/AboutPanel\/AboutPanel.swift","hash":"1d6005cd3a32a6aa02b8456d15aea76556aec406"},{"path":"\/Users\/runner\/work\/CutBox\/CutBox\/CutBox\/CutBox\/Source\/App\/Constants.swift","hash":"907ceee6f5b67465f0b056d2e8c50f166a28cbf3"},{"path":"\/Users\/runner\/work\/CutBox\/CutBox\/CutBox\/CutBox\/Source\/App\/CutBoxController.swift","hash":"53af49173ea052a44061b51dc1dc9a97ee75ae06"},{"path":"\/Users\/runner\/work\/CutBox\/CutBox\/CutBox\/CutBox\/Source\/App\/JSFuncSearchPreview\/JSFunItems\/JSFuncItemTableRowContainerView.swift","hash":"b64008006984c359ddf773c7a1dc558531c13846"},{"path":"\/Users\/runner\/work\/CutBox\/CutBox\/CutBox\/CutBox\/Source\/App\/JSFuncSearchPreview\/JSFunItems\/JSFuncItemTableRowImageView.swift","hash":"2d589124019a7dbeb9477359c28e6105f4ff4ca6"},{"path":"\/Users\/runner\/work\/CutBox\/CutBox\/CutBox\/CutBox\/Source\/App\/JSFuncSearchPreview\/JSFunItems\/JSFuncItemTableRowTextView.swift","hash":"3e0353ea066ed44669e20214572d5ce305ea693b"},{"path":"\/Users\/runner\/work\/CutBox\/CutBox\/CutBox\/CutBox\/Source\/App\/JSFuncSearchPreview\/JSFuncSearchAndPreviewView+KeyDown.swift","hash":"9a3073d7bd0847703f431609cf1cd21602f2e2d8"},{"path":"\/Users\/runner\/work\/CutBox\/CutBox\/CutBox\/CutBox\/Source\/App\/JSFuncSearchPreview\/JSFuncSearchAndPreviewView.swift","hash":"b1c5f0e6f541d226115652ac387bc599cc0d6dda"},{"path":"\/Users\/runner\/work\/CutBox\/CutBox\/CutBox\/CutBox\/Source\/App\/JSFuncSearchPreview\/JSFuncSearchTextViewDelegate.swift","hash":"cca55dd8d01b5167e894b1814392419300d3777b"},{"path":"\/Users\/runner\/work\/CutBox\/CutBox\/CutBox\/CutBox\/Source\/App\/JSFuncSearchPreview\/JSFuncSearchViewController.swift","hash":"ab3b35b0ff2223f7682cfa93c20aeb0e9ae25a55"},{"path":"\/Users\/runner\/work\/CutBox\/CutBox\/CutBox\/CutBox\/Source\/App\/JSFuncSearchPreview\/JSFuncSearchViewControllerTableViewDelegate.swift","hash":"7ca6280aa71823e206414004a3a5dbe1546525f2"},{"path":"\/Users\/runner\/work\/CutBox\/CutBox\/CutBox\/CutBox\/Source\/App\/Preferences\/ColorTheme\/CutBoxColorTheme.swift","hash":"2645894b111a0904296ff2f5d35b0b33f015abc7"},{"path":"\/Users\/runner\/work\/CutBox\/CutBox\/CutBox\/CutBox\/Source\/App\/Preferences\/ColorTheme\/CutBoxColorThemeDefinition.swift","hash":"c6a81ee7a8d74a298e7b5ea0dce455109b7a16ee"},{"path":"\/Users\/runner\/work\/CutBox\/CutBox\/CutBox\/CutBox\/Source\/App\/Preferences\/ColorTheme\/CutBoxThemeLoader.swift","hash":"6ad97683585ae54c5ea6c2e10949e199943124a8"},{"path":"\/Users\/runner\/work\/CutBox\/CutBox\/CutBox\/CutBox\/Source\/App\/Preferences\/PreferencesAdvancedView+ClearHistory.swift","hash":"d2dbed35a885a52a279077f1772d101e946f735c"},{"path":"\/Users\/runner\/work\/CutBox\/CutBox\/CutBox\/CutBox\/Source\/App\/Preferences\/PreferencesAdvancedView+HistoryLimit.swift","hash":"daebe6703f13178661c90177a4be292b8f659634"},{"path":"\/Users\/runner\/work\/CutBox\/CutBox\/CutBox\/CutBox\/Source\/App\/Preferences\/PreferencesAdvancedView+HistorySize.swift","hash":"4eea4551d8625a589892245863ab93d438aed233"},{"path":"\/Users\/runner\/work\/CutBox\/CutBox\/CutBox\/CutBox\/Source\/App\/Preferences\/PreferencesAdvancedView+JoinItems.swift","hash":"74136903c4264b1b62f2da875b961b9b4064e6df"},{"path":"\/Users\/runner\/work\/CutBox\/CutBox\/CutBox\/CutBox\/Source\/App\/Preferences\/PreferencesAdvancedView+MultipleItemWrapping.swift","hash":"c0c6655839bb83c566c4b5451fecd5083e2bf334"},{"path":"\/Users\/runner\/work\/CutBox\/CutBox\/CutBox\/CutBox\/Source\/App\/Preferences\/PreferencesAdvancedView.swift","hash":"575677c9ee36dc161f7dae0c67aa860d74e4a3d6"},{"path":"\/Users\/runner\/work\/CutBox\/CutBox\/CutBox\/CutBox\/Source\/App\/Preferences\/PreferencesGeneralView+AutoLogin.swift","hash":"d2e97c478de30e1390926d197d251854ddf00c98"},{"path":"\/Users\/runner\/work\/CutBox\/CutBox\/CutBox\/CutBox\/Source\/App\/Preferences\/PreferencesGeneralView+KeyRecorder.swift","hash":"fdec607e531d512071264799658ec9c957a13454"},{"path":"\/Users\/runner\/work\/CutBox\/CutBox\/CutBox\/CutBox\/Source\/App\/Preferences\/PreferencesGeneralView+ProtectFavorites.swift","hash":"e9661a9a7ec77ceaa16cff6c2164ce820c09cd42"},{"path":"\/Users\/runner\/work\/CutBox\/CutBox\/CutBox\/CutBox\/Source\/App\/Preferences\/PreferencesGeneralView+ShowHiddenDialogButton.swift","hash":"33a8e949421359ec50db06b7c531800bfe37aae0"},{"path":"\/Users\/runner\/work\/CutBox\/CutBox\/CutBox\/CutBox\/Source\/App\/Preferences\/PreferencesGeneralView.swift","hash":"1c40e8ca0a4239def4748683b44f81270c73145a"},{"path":"\/Users\/runner\/work\/CutBox\/CutBox\/CutBox\/CutBox\/Source\/App\/Preferences\/PreferencesJavascriptTransformView.swift","hash":"d550fd571a728d31d47de74ab031fb42397ded5d"},{"path":"\/Users\/runner\/work\/CutBox\/CutBox\/CutBox\/CutBox\/Source\/App\/Preferences\/PreferencesService\/CutBoxPreferences+JoinAndWrap.swift","hash":"85ece4b1a162aeec6d90048ee5d04aecf4c552e9"},{"path":"\/Users\/runner\/work\/CutBox\/CutBox\/CutBox\/CutBox\/Source\/App\/Preferences\/PreferencesService\/CutBoxPreferences+ResetSuppressedDialogBoxes.swift","hash":"d4918cf47e3c6a7bcde86b8b3b09cccc0e951d5f"},{"path":"\/Users\/runner\/work\/CutBox\/CutBox\/CutBox\/CutBox\/Source\/App\/Preferences\/PreferencesService\/CutBoxPreferences+SelectTheme.swift","hash":"b38533edc12f16323672760cda48a13961b9ace4"},{"path":"\/Users\/runner\/work\/CutBox\/CutBox\/CutBox\/CutBox\/Source\/App\/Preferences\/PreferencesService\/CutBoxPreferences+TextScaling.swift","hash":"53616916b8aade95cfc7c3e9078927d48c13edc9"},{"path":"\/Users\/runner\/work\/CutBox\/CutBox\/CutBox\/CutBox\/Source\/App\/Preferences\/PreferencesService\/CutBoxPreferencesService.swift","hash":"b39cb97c295529a64a55ffceb7d174cd54683748"},{"path":"\/Users\/runner\/work\/CutBox\/CutBox\/CutBox\/CutBox\/Source\/App\/Preferences\/PreferencesTabView.swift","hash":"be2d0afb800c03670c1cc23eaad94f336d29d5fa"},{"path":"\/Users\/runner\/work\/CutBox\/CutBox\/CutBox\/CutBox\/Source\/App\/Preferences\/PreferencesTabViewController.swift","hash":"4d47070de1106ef8ecf27dd06ed3025ccd8bf0cd"},{"path":"\/Users\/runner\/work\/CutBox\/CutBox\/CutBox\/CutBox\/Source\/App\/Preferences\/PreferencesThemePreview.swift","hash":"8c9cbd89dd87bfbfd207ada13a6cf3add6df78b7"},{"path":"\/Users\/runner\/work\/CutBox\/CutBox\/CutBox\/CutBox\/Source\/App\/Preferences\/PreferencesThemeSelectionView+HidePreview.swift","hash":"1715f090bceefc86364ba12316c766d32430f0d4"},{"path":"\/Users\/runner\/work\/CutBox\/CutBox\/CutBox\/CutBox\/Source\/App\/Preferences\/PreferencesThemeSelectionView+ThemeSelector.swift","hash":"e807750cb0f5379bd5100a476e4236a4958ff154"},{"path":"\/Users\/runner\/work\/CutBox\/CutBox\/CutBox\/CutBox\/Source\/App\/Preferences\/PreferencesThemeSelectionView+UseCompactUI.swift","hash":"510f8cd1ec73c2ad3c057e68a7a228011e0eea5b"},{"path":"\/Users\/runner\/work\/CutBox\/CutBox\/CutBox\/CutBox\/Source\/App\/Preferences\/PreferencesThemeSelectionView.swift","hash":"f7d199d5ce9f3a4c1bf1c8701e00d08374ef6785"},{"path":"\/Users\/runner\/work\/CutBox\/CutBox\/CutBox\/CutBox\/Source\/App\/Preferences\/PreferencesWindow.swift","hash":"50df03fc37916b66464fe86c72113d4820b846e4"},{"path":"\/Users\/runner\/work\/CutBox\/CutBox\/CutBox\/CutBox\/Source\/App\/SearchAndPreview\/ClipItems\/ClipItemTableRowContainerView.swift","hash":"55833045adae211f2994f1cef4066e46229838df"},{"path":"\/Users\/runner\/work\/CutBox\/CutBox\/CutBox\/CutBox\/Source\/App\/SearchAndPreview\/ClipItems\/ClipItemTableRowImageButtonView.swift","hash":"bba28e55e1be1a630d22bd8343106e00da8a1748"},{"path":"\/Users\/runner\/work\/CutBox\/CutBox\/CutBox\/CutBox\/Source\/App\/SearchAndPreview\/ClipItems\/ClipItemTableRowImageView.swift","hash":"4fc91249f03da5426bea3783daec062ca5faa5fb"},{"path":"\/Users\/runner\/work\/CutBox\/CutBox\/CutBox\/CutBox\/Source\/App\/SearchAndPreview\/ClipItems\/ClipItemTableRowTextView.swift","hash":"582b81fd62475b08dafa5de668ba20a5b11fc001"},{"path":"\/Users\/runner\/work\/CutBox\/CutBox\/CutBox\/CutBox\/Source\/App\/SearchAndPreview\/ClipItems\/ItemTableRowContainerView.swift","hash":"8284bafeab0ac763fb29662a622650629601db08"},{"path":"\/Users\/runner\/work\/CutBox\/CutBox\/CutBox\/CutBox\/Source\/App\/SearchAndPreview\/ClipItems\/ItemTableRowImageView.swift","hash":"e753ac23b0d0336b34166d10ab365be3e7a5405f"},{"path":"\/Users\/runner\/work\/CutBox\/CutBox\/CutBox\/CutBox\/Source\/App\/SearchAndPreview\/ClipItems\/ItemTableRowTextView.swift","hash":"e5c7307c0209cbc325515f9cd3f4713c3337ad93"},{"path":"\/Users\/runner\/work\/CutBox\/CutBox\/CutBox\/CutBox\/Source\/App\/SearchAndPreview\/SearchAndPreview+KeyDownHandler.swift","hash":"f3a9cea70a66d73c3415533c5bf96695a1c18846"},{"path":"\/Users\/runner\/work\/CutBox\/CutBox\/CutBox\/CutBox\/Source\/App\/SearchAndPreview\/SearchAndPreviewView.swift","hash":"918aee7d007fa837afe3743475c07a99b931fea9"},{"path":"\/Users\/runner\/work\/CutBox\/CutBox\/CutBox\/CutBox\/Source\/App\/SearchAndPreview\/SearchPreviewViewBase.swift","hash":"f1855de2eead7a50595baedd1171b4e939ad16f9"},{"path":"\/Users\/runner\/work\/CutBox\/CutBox\/CutBox\/CutBox\/Source\/App\/SearchAndPreview\/SearchTextView.swift","hash":"bffe07e9fa8ea75a30af7b0d2ef2a0f6ef1df164"},{"path":"\/Users\/runner\/work\/CutBox\/CutBox\/CutBox\/CutBox\/Source\/App\/SearchAndPreview\/SearchViewController.swift","hash":"eecc6217f2a266cd5f022027f63757efa506d101"},{"path":"\/Users\/runner\/work\/CutBox\/CutBox\/CutBox\/CutBox\/Source\/App\/SearchAndPreview\/SearchViewControllerMenuDelegate.swift","hash":"260ee7433ebc43789d949ce13fd0fc891170e5e9"},{"path":"\/Users\/runner\/work\/CutBox\/CutBox\/CutBox\/CutBox\/Source\/App\/SearchAndPreview\/SearchViewControllerTableViewDelegate.swift","hash":"5d6595444c9b0f856b31b9ecc583dcc1f99506f0"},{"path":"\/Users\/runner\/work\/CutBox\/CutBox\/CutBox\/CutBox\/Source\/App\/SearchAndPreview\/SearchViewEvents.swift","hash":"c11096634fbb1dd2fdfa489efbc02de449ac3cd5"},{"path":"\/Users\/runner\/work\/CutBox\/CutBox\/CutBox\/CutBox\/Source\/App\/SearchAndPreview\/SearchViewTextViewDelegate.swift","hash":"2618a8dee73bd8a0a13c99cf4d6c0981e84e0f7d"},{"path":"\/Users\/runner\/work\/CutBox\/CutBox\/CutBox\/CutBox\/Source\/App\/Services\/History\/HistoryLimitNumberFormatter.swift","hash":"960656e0bf372e18167094d73bcb7751983c6c66"},{"path":"\/Users\/runner\/work\/CutBox\/CutBox\/CutBox\/CutBox\/Source\/App\/Services\/History\/HistoryOffsetPredicateFactory.swift","hash":"19413f3cdb1cfd1f67b6aa3d7031cc2e0331187e"},{"path":"\/Users\/runner\/work\/CutBox\/CutBox\/CutBox\/CutBox\/Source\/App\/Services\/History\/HistoryRepo.swift","hash":"f96768e10212f51e7e691bdcd4fb31b9a314375a"},{"path":"\/Users\/runner\/work\/CutBox\/CutBox\/CutBox\/CutBox\/Source\/App\/Services\/History\/HistorySearchMode.swift","hash":"d3201e639763ac65c23c93fb1515690723929f29"},{"path":"\/Users\/runner\/work\/CutBox\/CutBox\/CutBox\/CutBox\/Source\/App\/Services\/History\/HistoryService.swift","hash":"9a27e269242f0591917f4859280476a208e58114"},{"path":"\/Users\/runner\/work\/CutBox\/CutBox\/CutBox\/CutBox\/Source\/App\/Services\/History\/Migration\/HistoryStoreMigration_1_6_x.swift","hash":"30ab9680eeceab860d1ac93b0904d79bef34c212"},{"path":"\/Users\/runner\/work\/CutBox\/CutBox\/CutBox\/CutBox\/Source\/App\/Services\/HotKeyService.swift","hash":"90d735d52593b347db24d0b5c4711bc7068ddc20"},{"path":"\/Users\/runner\/work\/CutBox\/CutBox\/CutBox\/CutBox\/Source\/App\/Services\/JSFuncService.swift","hash":"60613bc694e824cc86a07e3c675d188a4a5a4e5c"},{"path":"\/Users\/runner\/work\/CutBox\/CutBox\/CutBox\/CutBox\/Source\/App\/Services\/LoginItemsService.swift","hash":"4552c5046b98736bd3d6c397cb1b8f766c67e419"},{"path":"\/Users\/runner\/work\/CutBox\/CutBox\/CutBox\/CutBox\/Source\/App\/Services\/VersionService.swift","hash":"28076335e888cecf90dac54f6ca48854bc5fdcb3"},{"path":"\/Users\/runner\/work\/CutBox\/CutBox\/CutBox\/CutBox\/Source\/App\/TimeFilter\/TimeFilterValidator.swift","hash":"300884ec18048c86d88b23d7898749c7de99c5d2"},{"path":"\/Users\/runner\/work\/CutBox\/CutBox\/CutBox\/CutBox\/Source\/Components\/ConfirmationDialog.swift","hash":"5bc83885503df2b114bb86ed847ab4fb3a2cb049"},{"path":"\/Users\/runner\/work\/CutBox\/CutBox\/CutBox\/CutBox\/Source\/Components\/Popup\/PopupBackgroundView.swift","hash":"b5ec03486a7f4c1e881ba6b022ebb190a9ae74ae"},{"path":"\/Users\/runner\/work\/CutBox\/CutBox\/CutBox\/CutBox\/Source\/Components\/Popup\/PopupContainerView.swift","hash":"11769873c03df4d2643e5d9261ba4e15fa22a4b6"},{"path":"\/Users\/runner\/work\/CutBox\/CutBox\/CutBox\/CutBox\/Source\/Components\/Popup\/PopupController.swift","hash":"3bc4abc54663a99dd20fbcd4dc1437458c19e4ec"},{"path":"\/Users\/runner\/work\/CutBox\/CutBox\/CutBox\/CutBox\/Source\/Components\/Popup\/PopupControllerWindowDelegate.swift","hash":"b597b2efd1722ecdef6a0aa9227978a760bce337"},{"path":"\/Users\/runner\/work\/CutBox\/CutBox\/CutBox\/CutBox\/Source\/Components\/Popup\/PopupPanel.swift","hash":"253fc2cb721dabacd8ed19f859f72f717352423c"},{"path":"\/Users\/runner\/work\/CutBox\/CutBox\/CutBox\/CutBox\/Source\/Components\/TextFieldKeyUpRxStream.swift","hash":"35d4797a82ac9e7f1d29aa937c6dfe493abf9191"},{"path":"\/Users\/runner\/work\/CutBox\/CutBox\/CutBox\/CutBox\/Source\/Components\/ValidIndicatorTextField.swift","hash":"f3af9821bdf5133c14837c0207593f7bbac481a9"},{"path":"\/Users\/runner\/work\/CutBox\/CutBox\/CutBox\/CutBox\/Source\/CutBox.swift","hash":"51692a20157484535931cd3e49ef563719f98416"},{"path":"\/Users\/runner\/work\/CutBox\/CutBox\/CutBox\/CutBox\/Source\/Extensions\/Array+IndexSet.swift","hash":"5e37fa16ea3eee1124ee3ebc639522e5dad4011d"},{"path":"\/Users\/runner\/work\/CutBox\/CutBox\/CutBox\/CutBox\/Source\/Extensions\/Array+String+SwiftyStringScore.swift","hash":"05d7561dd60581535b8ffd74fc33355b5bb8b534"},{"path":"\/Users\/runner\/work\/CutBox\/CutBox\/CutBox\/CutBox\/Source\/Extensions\/Array+removeAtIndexes.swift","hash":"071e452583c7e43fa1a1765b5e742b6288b16fe5"},{"path":"\/Users\/runner\/work\/CutBox\/CutBox\/CutBox\/CutBox\/Source\/Extensions\/Collection+Safe.swift","hash":"3f32e250725c11142d253edbd8da5edf8db0dd72"},{"path":"\/Users\/runner\/work\/CutBox\/CutBox\/CutBox\/CutBox\/Source\/Extensions\/DisableScrollView.swift","hash":"758c7c020818a16eba811877d632c761e8d5e1df"},{"path":"\/Users\/runner\/work\/CutBox\/CutBox\/CutBox\/CutBox\/Source\/Extensions\/Int+doTimes.swift","hash":"e42af3c1aa622b7c26b4791a494dc3d7bd27ad92"},{"path":"\/Users\/runner\/work\/CutBox\/CutBox\/CutBox\/CutBox\/Source\/Extensions\/JSContext+subscript.swift","hash":"1b1d3539fefea9635e85afbe675dbd62d0b527d0"},{"path":"\/Users\/runner\/work\/CutBox\/CutBox\/CutBox\/CutBox\/Source\/Extensions\/KeyCombo+Archive.swift","hash":"0b0b7b2c39ba1cdd692b9773de71396f2c33da1c"},{"path":"\/Users\/runner\/work\/CutBox\/CutBox\/CutBox\/CutBox\/Source\/Extensions\/NSAttributedString+HTML.swift","hash":"ef725009f52f1d273c165327cfd14fd05cac6926"},{"path":"\/Users\/runner\/work\/CutBox\/CutBox\/CutBox\/CutBox\/Source\/Extensions\/NSColor+HexColorString.swift","hash":"fbe6685f8df496375608e7ca01fcf7ba1ae1ea79"},{"path":"\/Users\/runner\/work\/CutBox\/CutBox\/CutBox\/CutBox\/Source\/Extensions\/NSEvent+CarbonConvenience.swift","hash":"9e1acb8ff1fa50701d62fef99091dcf6e0d4497f"},{"path":"\/Users\/runner\/work\/CutBox\/CutBox\/CutBox\/CutBox\/Source\/Extensions\/NSImage+tint.swift","hash":"33f46a8200ada978d5c6f0d821ce771bd42ee07a"},{"path":"\/Users\/runner\/work\/CutBox\/CutBox\/CutBox\/CutBox\/Source\/Extensions\/NSObject+fromNib.swift","hash":"7d48445353065fcd430b138db2e1ec007f97f91d"},{"path":"\/Users\/runner\/work\/CutBox\/CutBox\/CutBox\/CutBox\/Source\/Extensions\/NSScreen+currentScreenForMouseLocation.swift","hash":"5dda9848fb898730aeb380d1583c3bb93d088314"},{"path":"\/Users\/runner\/work\/CutBox\/CutBox\/CutBox\/CutBox\/Source\/Extensions\/NSTableView+getRowView.swift","hash":"fd6c420215bde017f4b8bc8dea3a5de15a19f84f"},{"path":"\/Users\/runner\/work\/CutBox\/CutBox\/CutBox\/CutBox\/Source\/Extensions\/OrderedSet.swift","hash":"1e614962e0812bd6fc5b33b744efea8a64ff3527"},{"path":"\/Users\/runner\/work\/CutBox\/CutBox\/CutBox\/CutBox\/Source\/Extensions\/String+L10n.swift","hash":"91855842fb3b44c02ff77f4eba9b87fbf7a52487"},{"path":"\/Users\/runner\/work\/CutBox\/CutBox\/CutBox\/CutBox\/Source\/Extensions\/String+Utils.swift","hash":"ba1d88081d8bef34c8bc27eeef11f949ef56da94"},{"path":"\/Users\/runner\/work\/CutBox\/CutBox\/CutBox\/CutBox\/Source\/Utilities\/FakeKey.swift","hash":"ad96b800454f4bbdbfe9372ff2dda42eb4c5969b"},{"path":"\/Users\/runner\/work\/CutBox\/CutBox\/CutBox\/CutBox\/Source\/Utilities\/ISO8601Helpers.swift","hash":"b775449536446cc59d73119ca8fd778e24ca668c"},{"path":"\/Users\/runner\/work\/CutBox\/CutBox\/CutBox\/CutBox\/Source\/Utilities\/StandardErrorOutputStream.swift","hash":"eeba90758b789ecb1d734e81cb9a6f84d0077a73"},{"path":"\/Users\/runner\/work\/CutBox\/CutBox\/CutBox\/CutBoxUnitTests\/Extensions\/Array+IndexSetSpec.swift","hash":"9536bb7f9749b727fd77a9660d49de99b3edea7d"},{"path":"\/Users\/runner\/work\/CutBox\/CutBox\/CutBox\/CutBoxUnitTests\/Extensions\/Array+String+RegexpSearchFilteredSpec.swift","hash":"80bb00e2b58c1edb5abfb81f5e17d4bda1330440"},{"path":"\/Users\/runner\/work\/CutBox\/CutBox\/CutBox\/CutBoxUnitTests\/Extensions\/Array+String+SwiftyStringScoreSpec.swift","hash":"77750735b48eecdf5754bfe170b17e5d91742577"},{"path":"\/Users\/runner\/work\/CutBox\/CutBox\/CutBox\/CutBoxUnitTests\/Extensions\/Collection+SafeSpec.swift","hash":"e24ddf37143d0ee23dbbc476ee81a7e982b59dcf"},{"path":"\/Users\/runner\/work\/CutBox\/CutBox\/CutBox\/CutBoxUnitTests\/Extensions\/Int+doTimesSpec.swift","hash":"de3340ce6c6ce459c228ba343ad37939cdde1629"},{"path":"\/Users\/runner\/work\/CutBox\/CutBox\/CutBox\/CutBoxUnitTests\/Extensions\/JSContext+subscriptSpec.swift","hash":"67c0e3159a69e5e1736c557fb34163e7674e9bda"},{"path":"\/Users\/runner\/work\/CutBox\/CutBox\/CutBox\/CutBoxUnitTests\/Extensions\/NSColor+HexColorStringSpec.swift","hash":"fab003b088c4472f2ecdd7e72731375531fa5f97"},{"path":"\/Users\/runner\/work\/CutBox\/CutBox\/CutBox\/CutBoxUnitTests\/Extensions\/OrderedSetSpec.swift","hash":"d1c2a8f8711bb4f6e3b3390e4f3042ea9e7f7008"},{"path":"\/Users\/runner\/work\/CutBox\/CutBox\/CutBox\/CutBoxUnitTests\/Extensions\/String+UtilsSpec.swift","hash":"bac255ecd6120f9dee15957b23a84c723268b076"},{"path":"\/Users\/runner\/work\/CutBox\/CutBox\/CutBox\/CutBoxUnitTests\/History\/HistoryOffsetPredicateFactorySpec.swift","hash":"3658ba851b197c352a3b249087d65257f987cd8b"},{"path":"\/Users\/runner\/work\/CutBox\/CutBox\/CutBox\/CutBoxUnitTests\/History\/HistoryRepoSpec.swift","hash":"da7d888fae8f95fd84ef6356afbf7225d754d026"},{"path":"\/Users\/runner\/work\/CutBox\/CutBox\/CutBox\/CutBoxUnitTests\/History\/HistoryServiceSpec.swift","hash":"0b29437a6715e6179179e3955114d904d9aeb3a1"},{"path":"\/Users\/runner\/work\/CutBox\/CutBox\/CutBox\/CutBoxUnitTests\/History\/Migration\/HistoryStoreMigration_1_6_x_Spec.swift","hash":"88cae4e0d0591e3c60edfb8af65b368f21474a17"},{"path":"\/Users\/runner\/work\/CutBox\/CutBox\/CutBox\/CutBoxUnitTests\/History\/TimeFilterValidatorSpec.swift","hash":"76aee60a223b759b63d7705b79738a558edef8b5"},{"path":"\/Users\/runner\/work\/CutBox\/CutBox\/CutBox\/CutBoxUnitTests\/JSFunc\/JSFuncServiceSpec.swift","hash":"c7e613b031ca0a70553736be847742c495b540a8"},{"path":"\/Users\/runner\/work\/CutBox\/CutBox\/CutBox\/CutBoxUnitTests\/Preferences\/CutBoxPreferencesService+HistoryLimitSpec.swift","hash":"a5fd52340a9f5561ee1d44654cc82f5d75d2ccbe"},{"path":"\/Users\/runner\/work\/CutBox\/CutBox\/CutBox\/CutBoxUnitTests\/Preferences\/CutBoxPreferencesService+JoinAndWrapSpec.swift","hash":"798d4bc6fc4c5828d309f4f0674b6e8fbe0dcfbc"},{"path":"\/Users\/runner\/work\/CutBox\/CutBox\/CutBox\/CutBoxUnitTests\/Preferences\/CutBoxPreferencesService+SelectThemeSpec.swift","hash":"2ed73044a82ef59abe2a44b2fd1f6fa3205bb71a"},{"path":"\/Users\/runner\/work\/CutBox\/CutBox\/CutBox\/CutBoxUnitTests\/Preferences\/CutBoxPreferencesServiceSpec.swift","hash":"7c638decf858f293bf83d0c3f7e7e8479d2b59f4"},{"path":"\/Users\/runner\/work\/CutBox\/CutBox\/CutBox\/CutBoxUnitTests\/Preferences\/CutBoxThemeSpec.swift","hash":"19247a1f2534a299f2588a63c04b9be982e0b745"},{"path":"\/Users\/runner\/work\/CutBox\/CutBox\/CutBox\/CutBoxUnitTests\/Preferences\/PreferencesWindowSpec.swift","hash":"74840d4813f292897a9ec4995cd510a9cb1f1a28"},{"path":"\/Users\/runner\/work\/CutBox\/CutBox\/CutBox\/CutBoxUnitTests\/SharedMocks\/UserDefaultsMock.swift","hash":"648f5e0dcc7d2d40058ea4409ab7b86b9321dfbe"},{"path":"\/Users\/runner\/work\/CutBox\/CutBox\/CutBox\/CutBoxUnitTests\/SharedMocks\/UserDefaultsMockSpec.swift","hash":"3b26647304927186313b5a6fd1d54c3cbcdb3ebb"},{"path":"\/Users\/runner\/work\/CutBox\/CutBox\/CutBox\/MockingbirdMocks\/CutBoxUnitTests-CutBoxMocks.generated.swift","hash":"46883aa3677a38b65c3dd31b9d9c505c9aca32dc"}],"sourceRoot":"\/Users\/runner\/work\/CutBox\/CutBox\/CutBox","dependencies":[],"name":"CutBoxUnitTests"}