// !$*UTF8*$!
{
	archiveVersion = 1;
	classes = {
	};
	objectVersion = 48;
	objects = {

/* Begin PBXBuildFile section */
		56184E36ECA11A9DEADFCC44 /* Pods_Testing_CutBoxTests.framework in Frameworks */ = {isa = PBXBuildFile; fileRef = 2CD751D99A166B816A663FDE /* Pods_Testing_CutBoxTests.framework */; };
		961A49B22065D85D005BC79D /* SearchAndPreviewView.swift in Sources */ = {isa = PBXBuildFile; fileRef = 961A49B12065D85D005BC79D /* SearchAndPreviewView.swift */; };
		961A49B62065D8B1005BC79D /* PopupPanel.swift in Sources */ = {isa = PBXBuildFile; fileRef = 961A49B52065D8B1005BC79D /* PopupPanel.swift */; };
		961A49B82065D8DE005BC79D /* PopupBackgroundView.swift in Sources */ = {isa = PBXBuildFile; fileRef = 961A49B72065D8DE005BC79D /* PopupBackgroundView.swift */; };
		962D6D492073544F007E3785 /* HotKeyService.swift in Sources */ = {isa = PBXBuildFile; fileRef = 962D6D482073544F007E3785 /* HotKeyService.swift */; };
		962D6D4B207356DA007E3785 /* Constants.swift in Sources */ = {isa = PBXBuildFile; fileRef = 962D6D4A207356DA007E3785 /* Constants.swift */; };
		962D6D4D207357ED007E3785 /* VersionService.swift in Sources */ = {isa = PBXBuildFile; fileRef = 962D6D4C207357ED007E3785 /* VersionService.swift */; };
		962D6D4F20735DF6007E3785 /* SearchViewController.swift in Sources */ = {isa = PBXBuildFile; fileRef = 962D6D4E20735DF6007E3785 /* SearchViewController.swift */; };
		963AA6442071C95000779697 /* AboutPanel.xib in Resources */ = {isa = PBXBuildFile; fileRef = 963AA6432071C95000779697 /* AboutPanel.xib */; };
		963AA6462071E15900779697 /* KeyCombo+Archive.swift in Sources */ = {isa = PBXBuildFile; fileRef = 963AA6452071E15900779697 /* KeyCombo+Archive.swift */; };
		963AA64A2071EE4800779697 /* PreferencesWindow.xib in Resources */ = {isa = PBXBuildFile; fileRef = 963AA6492071EE4800779697 /* PreferencesWindow.xib */; };
		963AA663207269CE00779697 /* KeyHolder.framework in Frameworks */ = {isa = PBXBuildFile; fileRef = 963AA6552071FF0E00779697 /* KeyHolder.framework */; };
		963AA664207269CE00779697 /* KeyHolder.framework in Embed Frameworks */ = {isa = PBXBuildFile; fileRef = 963AA6552071FF0E00779697 /* KeyHolder.framework */; settings = {ATTRIBUTES = (CodeSignOnCopy, RemoveHeadersOnCopy, ); }; };
		963AA667207269CE00779697 /* Magnet.framework in Frameworks */ = {isa = PBXBuildFile; fileRef = 963AA65A20725D0E00779697 /* Magnet.framework */; };
		963AA668207269CE00779697 /* Magnet.framework in Embed Frameworks */ = {isa = PBXBuildFile; fileRef = 963AA65A20725D0E00779697 /* Magnet.framework */; settings = {ATTRIBUTES = (CodeSignOnCopy, RemoveHeadersOnCopy, ); }; };
		964766642067A5F100E7026F /* NSObject+fromNib.swift in Sources */ = {isa = PBXBuildFile; fileRef = 964766632067A5F100E7026F /* NSObject+fromNib.swift */; };
		964766672067A68000E7026F /* Collection+Safe.swift in Sources */ = {isa = PBXBuildFile; fileRef = 964766662067A68000E7026F /* Collection+Safe.swift */; };
		964766692067B82900E7026F /* DisableScrollView.swift in Sources */ = {isa = PBXBuildFile; fileRef = 964766682067B82900E7026F /* DisableScrollView.swift */; };
		965F0765206F4BE10032DACD /* SearchViewTableRowView.swift in Sources */ = {isa = PBXBuildFile; fileRef = 965F0764206F4BE10032DACD /* SearchViewTableRowView.swift */; };
		965F0767206F4C2A0032DACD /* CutBoxControllerTableViewDelegate.swift in Sources */ = {isa = PBXBuildFile; fileRef = 965F0766206F4C2A0032DACD /* CutBoxControllerTableViewDelegate.swift */; };
		965F076A206F4C7A0032DACD /* CutBoxControllerTableViewDataSource.swift in Sources */ = {isa = PBXBuildFile; fileRef = 965F0769206F4C7A0032DACD /* CutBoxControllerTableViewDataSource.swift */; };
		965F076C206F586A0032DACD /* SearchViewTextViewDelegate.swift in Sources */ = {isa = PBXBuildFile; fileRef = 965F076B206F586A0032DACD /* SearchViewTextViewDelegate.swift */; };
		965F076E206F58A40032DACD /* SearchViewEvents.swift in Sources */ = {isa = PBXBuildFile; fileRef = 965F076D206F58A40032DACD /* SearchViewEvents.swift */; };
		965F0770206F9AF30032DACD /* PopupContainerView.swift in Sources */ = {isa = PBXBuildFile; fileRef = 965F076F206F9AF30032DACD /* PopupContainerView.swift */; };
		965F0772206F9B190032DACD /* PopupControllerWindowDelegate.swift in Sources */ = {isa = PBXBuildFile; fileRef = 965F0771206F9B190032DACD /* PopupControllerWindowDelegate.swift */; };
		965F0784206FC4F60032DACD /* PreferencesWindow.swift in Sources */ = {isa = PBXBuildFile; fileRef = 965F0783206FC4F60032DACD /* PreferencesWindow.swift */; };
		965F0789206FCE170032DACD /* cutbox-icon-preview-256.png in Resources */ = {isa = PBXBuildFile; fileRef = 965F0786206FCE170032DACD /* cutbox-icon-preview-256.png */; settings = {ASSET_TAGS = (cutboxLogo, ); }; };
		965F078D206FD1890032DACD /* AboutPanel.swift in Sources */ = {isa = PBXBuildFile; fileRef = 965F078C206FD1890032DACD /* AboutPanel.swift */; };
		9662D3622064BA3400F8A9D5 /* PopupController.swift in Sources */ = {isa = PBXBuildFile; fileRef = 9662D3602064BA3400F8A9D5 /* PopupController.swift */; };
		968A97BE2066745D00D36B50 /* SearchAndPreviewView.xib in Resources */ = {isa = PBXBuildFile; fileRef = 968A97BD2066745D00D36B50 /* SearchAndPreviewView.xib */; };
		968A97C120667CF800D36B50 /* PasteboardService.swift in Sources */ = {isa = PBXBuildFile; fileRef = 968A97C020667CF800D36B50 /* PasteboardService.swift */; };
		96CFA6B32069278700BAFABB /* FakeKey.swift in Sources */ = {isa = PBXBuildFile; fileRef = 96CFA6B22069278700BAFABB /* FakeKey.swift */; };
		96CFA6B52069C5BC00BAFABB /* CutBoxPreferences.swift in Sources */ = {isa = PBXBuildFile; fileRef = 96CFA6B42069C5BC00BAFABB /* CutBoxPreferences.swift */; };
		96E1E598205D243400F994ED /* AppDelegate.swift in Sources */ = {isa = PBXBuildFile; fileRef = 96E1E597205D243400F994ED /* AppDelegate.swift */; };
		96E1E59A205D243400F994ED /* Assets.xcassets in Resources */ = {isa = PBXBuildFile; fileRef = 96E1E599205D243400F994ED /* Assets.xcassets */; };
		96E1E59D205D243400F994ED /* CutBox.xib in Resources */ = {isa = PBXBuildFile; fileRef = 96E1E59B205D243400F994ED /* CutBox.xib */; };
		96E1E5A9205D243400F994ED /* CutBoxControllerSpec.swift in Sources */ = {isa = PBXBuildFile; fileRef = 96E1E5A8205D243400F994ED /* CutBoxControllerSpec.swift */; };
		96E1E5B4205D243400F994ED /* CutBoxUITests.swift in Sources */ = {isa = PBXBuildFile; fileRef = 96E1E5B3205D243400F994ED /* CutBoxUITests.swift */; };
		96E1E5C5205D297900F994ED /* CutBoxController.swift in Sources */ = {isa = PBXBuildFile; fileRef = 96E1E5C4205D297900F994ED /* CutBoxController.swift */; };
		E6994FEB1285D5DA13B1AF8E /* Pods_Testing_CutBoxUITests.framework in Frameworks */ = {isa = PBXBuildFile; fileRef = 97D664B206BC0907A3DA03C7 /* Pods_Testing_CutBoxUITests.framework */; };
		EDCBEC59432CAFDA909FADA6 /* Pods_CutBox.framework in Frameworks */ = {isa = PBXBuildFile; fileRef = A86977FBC73098A02A097D0D /* Pods_CutBox.framework */; };
/* End PBXBuildFile section */

/* Begin PBXContainerItemProxy section */
		963AA6542071FF0E00779697 /* PBXContainerItemProxy */ = {
			isa = PBXContainerItemProxy;
			containerPortal = 963AA64E2071FF0E00779697 /* KeyHolder.xcodeproj */;
			proxyType = 2;
			remoteGlobalIDString = 312C0FDB1D13AA1F00973348;
			remoteInfo = KeyHolder;
		};
		963AA6562071FF0E00779697 /* PBXContainerItemProxy */ = {
			isa = PBXContainerItemProxy;
			containerPortal = 963AA64E2071FF0E00779697 /* KeyHolder.xcodeproj */;
			proxyType = 2;
			remoteGlobalIDString = 312C0FE51D13AA1F00973348;
			remoteInfo = KeyHolderTests;
		};
		963AA665207269CE00779697 /* PBXContainerItemProxy */ = {
			isa = PBXContainerItemProxy;
			containerPortal = 963AA64E2071FF0E00779697 /* KeyHolder.xcodeproj */;
			proxyType = 1;
			remoteGlobalIDString = 312C0FDA1D13AA1F00973348;
			remoteInfo = KeyHolder;
		};
		96E1E5A5205D243400F994ED /* PBXContainerItemProxy */ = {
			isa = PBXContainerItemProxy;
			containerPortal = 96E1E58C205D243400F994ED /* Project object */;
			proxyType = 1;
			remoteGlobalIDString = 96E1E593205D243400F994ED;
			remoteInfo = CutBox;
		};
		96E1E5B0205D243400F994ED /* PBXContainerItemProxy */ = {
			isa = PBXContainerItemProxy;
			containerPortal = 96E1E58C205D243400F994ED /* Project object */;
			proxyType = 1;
			remoteGlobalIDString = 96E1E593205D243400F994ED;
			remoteInfo = CutBox;
		};
/* End PBXContainerItemProxy section */

/* Begin PBXCopyFilesBuildPhase section */
		963AA669207269CE00779697 /* Embed Frameworks */ = {
			isa = PBXCopyFilesBuildPhase;
			buildActionMask = 2147483647;
			dstPath = "";
			dstSubfolderSpec = 10;
			files = (
				963AA668207269CE00779697 /* Magnet.framework in Embed Frameworks */,
				963AA664207269CE00779697 /* KeyHolder.framework in Embed Frameworks */,
			);
			name = "Embed Frameworks";
			runOnlyForDeploymentPostprocessing = 0;
		};
		96564BD8205D497D00A95E02 /* CopyFiles */ = {
			isa = PBXCopyFilesBuildPhase;
			buildActionMask = 2147483647;
			dstPath = "";
			dstSubfolderSpec = 10;
			files = (
			);
			runOnlyForDeploymentPostprocessing = 0;
		};
/* End PBXCopyFilesBuildPhase section */

/* Begin PBXFileReference section */
		1EB46E1EB3FD89D01B7C87CE /* Pods-CutBox.debug.xcconfig */ = {isa = PBXFileReference; includeInIndex = 1; lastKnownFileType = text.xcconfig; name = "Pods-CutBox.debug.xcconfig"; path = "Pods/Target Support Files/Pods-CutBox/Pods-CutBox.debug.xcconfig"; sourceTree = "<group>"; };
		2CD751D99A166B816A663FDE /* Pods_Testing_CutBoxTests.framework */ = {isa = PBXFileReference; explicitFileType = wrapper.framework; includeInIndex = 0; path = Pods_Testing_CutBoxTests.framework; sourceTree = BUILT_PRODUCTS_DIR; };
		3284D284BDDF1A14D971120A /* Pods-Testing-CutBoxUITests.debug.xcconfig */ = {isa = PBXFileReference; includeInIndex = 1; lastKnownFileType = text.xcconfig; name = "Pods-Testing-CutBoxUITests.debug.xcconfig"; path = "Pods/Target Support Files/Pods-Testing-CutBoxUITests/Pods-Testing-CutBoxUITests.debug.xcconfig"; sourceTree = "<group>"; };
		3BD064440B3B0D6391568C98 /* Pods-Testing-CutBoxUITests.release.xcconfig */ = {isa = PBXFileReference; includeInIndex = 1; lastKnownFileType = text.xcconfig; name = "Pods-Testing-CutBoxUITests.release.xcconfig"; path = "Pods/Target Support Files/Pods-Testing-CutBoxUITests/Pods-Testing-CutBoxUITests.release.xcconfig"; sourceTree = "<group>"; };
		96085E40206C72C900CA77BB /* README.md */ = {isa = PBXFileReference; fileEncoding = 4; lastKnownFileType = net.daringfireball.markdown; name = README.md; path = ../../README.md; sourceTree = "<group>"; };
		961A49B12065D85D005BC79D /* SearchAndPreviewView.swift */ = {isa = PBXFileReference; lastKnownFileType = sourcecode.swift; path = SearchAndPreviewView.swift; sourceTree = "<group>"; };
		961A49B52065D8B1005BC79D /* PopupPanel.swift */ = {isa = PBXFileReference; lastKnownFileType = sourcecode.swift; path = PopupPanel.swift; sourceTree = "<group>"; };
		961A49B72065D8DE005BC79D /* PopupBackgroundView.swift */ = {isa = PBXFileReference; lastKnownFileType = sourcecode.swift; path = PopupBackgroundView.swift; sourceTree = "<group>"; };
		962D6D482073544F007E3785 /* HotKeyService.swift */ = {isa = PBXFileReference; lastKnownFileType = sourcecode.swift; path = HotKeyService.swift; sourceTree = "<group>"; };
		962D6D4A207356DA007E3785 /* Constants.swift */ = {isa = PBXFileReference; lastKnownFileType = sourcecode.swift; path = Constants.swift; sourceTree = "<group>"; };
		962D6D4C207357ED007E3785 /* VersionService.swift */ = {isa = PBXFileReference; lastKnownFileType = sourcecode.swift; path = VersionService.swift; sourceTree = "<group>"; };
		962D6D4E20735DF6007E3785 /* SearchViewController.swift */ = {isa = PBXFileReference; lastKnownFileType = sourcecode.swift; path = SearchViewController.swift; sourceTree = "<group>"; };
		963AA6432071C95000779697 /* AboutPanel.xib */ = {isa = PBXFileReference; lastKnownFileType = file.xib; path = AboutPanel.xib; sourceTree = "<group>"; };
		963AA6452071E15900779697 /* KeyCombo+Archive.swift */ = {isa = PBXFileReference; lastKnownFileType = sourcecode.swift; path = "KeyCombo+Archive.swift"; sourceTree = "<group>"; };
		963AA6492071EE4800779697 /* PreferencesWindow.xib */ = {isa = PBXFileReference; lastKnownFileType = file.xib; path = PreferencesWindow.xib; sourceTree = "<group>"; };
		963AA64E2071FF0E00779697 /* KeyHolder.xcodeproj */ = {isa = PBXFileReference; lastKnownFileType = "wrapper.pb-project"; name = KeyHolder.xcodeproj; path = DependencySubmodules/KeyHolder/Lib/KeyHolder.xcodeproj; sourceTree = SOURCE_ROOT; };
		963AA65A20725D0E00779697 /* Magnet.framework */ = {isa = PBXFileReference; explicitFileType = wrapper.framework; path = Magnet.framework; sourceTree = BUILT_PRODUCTS_DIR; };
		964766632067A5F100E7026F /* NSObject+fromNib.swift */ = {isa = PBXFileReference; lastKnownFileType = sourcecode.swift; path = "NSObject+fromNib.swift"; sourceTree = "<group>"; };
		964766662067A68000E7026F /* Collection+Safe.swift */ = {isa = PBXFileReference; lastKnownFileType = sourcecode.swift; path = "Collection+Safe.swift"; sourceTree = "<group>"; };
		964766682067B82900E7026F /* DisableScrollView.swift */ = {isa = PBXFileReference; lastKnownFileType = sourcecode.swift; path = DisableScrollView.swift; sourceTree = "<group>"; };
		965F0764206F4BE10032DACD /* SearchViewTableRowView.swift */ = {isa = PBXFileReference; lastKnownFileType = sourcecode.swift; path = SearchViewTableRowView.swift; sourceTree = "<group>"; };
		965F0766206F4C2A0032DACD /* CutBoxControllerTableViewDelegate.swift */ = {isa = PBXFileReference; lastKnownFileType = sourcecode.swift; path = CutBoxControllerTableViewDelegate.swift; sourceTree = "<group>"; };
		965F0769206F4C7A0032DACD /* CutBoxControllerTableViewDataSource.swift */ = {isa = PBXFileReference; lastKnownFileType = sourcecode.swift; path = CutBoxControllerTableViewDataSource.swift; sourceTree = "<group>"; };
		965F076B206F586A0032DACD /* SearchViewTextViewDelegate.swift */ = {isa = PBXFileReference; lastKnownFileType = sourcecode.swift; path = SearchViewTextViewDelegate.swift; sourceTree = "<group>"; };
		965F076D206F58A40032DACD /* SearchViewEvents.swift */ = {isa = PBXFileReference; lastKnownFileType = sourcecode.swift; path = SearchViewEvents.swift; sourceTree = "<group>"; };
		965F076F206F9AF30032DACD /* PopupContainerView.swift */ = {isa = PBXFileReference; lastKnownFileType = sourcecode.swift; path = PopupContainerView.swift; sourceTree = "<group>"; };
		965F0771206F9B190032DACD /* PopupControllerWindowDelegate.swift */ = {isa = PBXFileReference; lastKnownFileType = sourcecode.swift; path = PopupControllerWindowDelegate.swift; sourceTree = "<group>"; };
		965F0783206FC4F60032DACD /* PreferencesWindow.swift */ = {isa = PBXFileReference; lastKnownFileType = sourcecode.swift; path = PreferencesWindow.swift; sourceTree = "<group>"; };
		965F0786206FCE170032DACD /* cutbox-icon-preview-256.png */ = {isa = PBXFileReference; lastKnownFileType = image.png; path = "cutbox-icon-preview-256.png"; sourceTree = "<group>"; };
		965F078C206FD1890032DACD /* AboutPanel.swift */ = {isa = PBXFileReference; lastKnownFileType = sourcecode.swift; path = AboutPanel.swift; sourceTree = "<group>"; };
		9662D3602064BA3400F8A9D5 /* PopupController.swift */ = {isa = PBXFileReference; fileEncoding = 4; lastKnownFileType = sourcecode.swift; path = PopupController.swift; sourceTree = "<group>"; };
		968A97BD2066745D00D36B50 /* SearchAndPreviewView.xib */ = {isa = PBXFileReference; lastKnownFileType = file.xib; path = SearchAndPreviewView.xib; sourceTree = "<group>"; };
		968A97C020667CF800D36B50 /* PasteboardService.swift */ = {isa = PBXFileReference; lastKnownFileType = sourcecode.swift; path = PasteboardService.swift; sourceTree = "<group>"; };
		96CFA6B22069278700BAFABB /* FakeKey.swift */ = {isa = PBXFileReference; lastKnownFileType = sourcecode.swift; path = FakeKey.swift; sourceTree = "<group>"; };
		96CFA6B42069C5BC00BAFABB /* CutBoxPreferences.swift */ = {isa = PBXFileReference; lastKnownFileType = sourcecode.swift; path = CutBoxPreferences.swift; sourceTree = "<group>"; };
		96E1E594205D243400F994ED /* CutBox.app */ = {isa = PBXFileReference; explicitFileType = wrapper.application; includeInIndex = 0; path = CutBox.app; sourceTree = BUILT_PRODUCTS_DIR; };
		96E1E597205D243400F994ED /* AppDelegate.swift */ = {isa = PBXFileReference; lastKnownFileType = sourcecode.swift; path = AppDelegate.swift; sourceTree = "<group>"; };
		96E1E599205D243400F994ED /* Assets.xcassets */ = {isa = PBXFileReference; lastKnownFileType = folder.assetcatalog; path = Assets.xcassets; sourceTree = "<group>"; };
		96E1E59C205D243400F994ED /* Base */ = {isa = PBXFileReference; lastKnownFileType = file.xib; name = Base; path = Base.lproj/CutBox.xib; sourceTree = "<group>"; };
		96E1E59E205D243400F994ED /* Info.plist */ = {isa = PBXFileReference; lastKnownFileType = text.plist.xml; path = Info.plist; sourceTree = "<group>"; };
		96E1E59F205D243400F994ED /* CutBox.entitlements */ = {isa = PBXFileReference; lastKnownFileType = text.plist.entitlements; path = CutBox.entitlements; sourceTree = "<group>"; };
		96E1E5A4205D243400F994ED /* CutBoxTests.xctest */ = {isa = PBXFileReference; explicitFileType = wrapper.cfbundle; includeInIndex = 0; path = CutBoxTests.xctest; sourceTree = BUILT_PRODUCTS_DIR; };
		96E1E5A8205D243400F994ED /* CutBoxControllerSpec.swift */ = {isa = PBXFileReference; lastKnownFileType = sourcecode.swift; path = CutBoxControllerSpec.swift; sourceTree = "<group>"; };
		96E1E5AA205D243400F994ED /* Info.plist */ = {isa = PBXFileReference; lastKnownFileType = text.plist.xml; path = Info.plist; sourceTree = "<group>"; };
		96E1E5AF205D243400F994ED /* CutBoxUITests.xctest */ = {isa = PBXFileReference; explicitFileType = wrapper.cfbundle; includeInIndex = 0; path = CutBoxUITests.xctest; sourceTree = BUILT_PRODUCTS_DIR; };
		96E1E5B3205D243400F994ED /* CutBoxUITests.swift */ = {isa = PBXFileReference; lastKnownFileType = sourcecode.swift; path = CutBoxUITests.swift; sourceTree = "<group>"; };
		96E1E5B5205D243400F994ED /* Info.plist */ = {isa = PBXFileReference; lastKnownFileType = text.plist.xml; path = Info.plist; sourceTree = "<group>"; };
		96E1E5C4205D297900F994ED /* CutBoxController.swift */ = {isa = PBXFileReference; lastKnownFileType = sourcecode.swift; path = CutBoxController.swift; sourceTree = "<group>"; };
		97D664B206BC0907A3DA03C7 /* Pods_Testing_CutBoxUITests.framework */ = {isa = PBXFileReference; explicitFileType = wrapper.framework; includeInIndex = 0; path = Pods_Testing_CutBoxUITests.framework; sourceTree = BUILT_PRODUCTS_DIR; };
		A86977FBC73098A02A097D0D /* Pods_CutBox.framework */ = {isa = PBXFileReference; explicitFileType = wrapper.framework; includeInIndex = 0; path = Pods_CutBox.framework; sourceTree = BUILT_PRODUCTS_DIR; };
		AB72ABAA7D9E80CC20BA0EA7 /* Pods-CutBox.release.xcconfig */ = {isa = PBXFileReference; includeInIndex = 1; lastKnownFileType = text.xcconfig; name = "Pods-CutBox.release.xcconfig"; path = "Pods/Target Support Files/Pods-CutBox/Pods-CutBox.release.xcconfig"; sourceTree = "<group>"; };
		B3418B556AFD2F6C4EF6EF1D /* Pods-Testing-CutBoxTests.release.xcconfig */ = {isa = PBXFileReference; includeInIndex = 1; lastKnownFileType = text.xcconfig; name = "Pods-Testing-CutBoxTests.release.xcconfig"; path = "Pods/Target Support Files/Pods-Testing-CutBoxTests/Pods-Testing-CutBoxTests.release.xcconfig"; sourceTree = "<group>"; };
		E873B731C9CB9950F7451A3E /* Pods-Testing-CutBoxTests.debug.xcconfig */ = {isa = PBXFileReference; includeInIndex = 1; lastKnownFileType = text.xcconfig; name = "Pods-Testing-CutBoxTests.debug.xcconfig"; path = "Pods/Target Support Files/Pods-Testing-CutBoxTests/Pods-Testing-CutBoxTests.debug.xcconfig"; sourceTree = "<group>"; };
/* End PBXFileReference section */

/* Begin PBXFrameworksBuildPhase section */
		96E1E591205D243400F994ED /* Frameworks */ = {
			isa = PBXFrameworksBuildPhase;
			buildActionMask = 2147483647;
			files = (
				963AA663207269CE00779697 /* KeyHolder.framework in Frameworks */,
				963AA667207269CE00779697 /* Magnet.framework in Frameworks */,
				EDCBEC59432CAFDA909FADA6 /* Pods_CutBox.framework in Frameworks */,
			);
			runOnlyForDeploymentPostprocessing = 0;
		};
		96E1E5A1205D243400F994ED /* Frameworks */ = {
			isa = PBXFrameworksBuildPhase;
			buildActionMask = 2147483647;
			files = (
				56184E36ECA11A9DEADFCC44 /* Pods_Testing_CutBoxTests.framework in Frameworks */,
			);
			runOnlyForDeploymentPostprocessing = 0;
		};
		96E1E5AC205D243400F994ED /* Frameworks */ = {
			isa = PBXFrameworksBuildPhase;
			buildActionMask = 2147483647;
			files = (
				E6994FEB1285D5DA13B1AF8E /* Pods_Testing_CutBoxUITests.framework in Frameworks */,
			);
			runOnlyForDeploymentPostprocessing = 0;
		};
/* End PBXFrameworksBuildPhase section */

/* Begin PBXGroup section */
		673FB9B3BF3E444A726CCE1F /* Pods */ = {
			isa = PBXGroup;
			children = (
				1EB46E1EB3FD89D01B7C87CE /* Pods-CutBox.debug.xcconfig */,
				AB72ABAA7D9E80CC20BA0EA7 /* Pods-CutBox.release.xcconfig */,
				E873B731C9CB9950F7451A3E /* Pods-Testing-CutBoxTests.debug.xcconfig */,
				B3418B556AFD2F6C4EF6EF1D /* Pods-Testing-CutBoxTests.release.xcconfig */,
				3284D284BDDF1A14D971120A /* Pods-Testing-CutBoxUITests.debug.xcconfig */,
				3BD064440B3B0D6391568C98 /* Pods-Testing-CutBoxUITests.release.xcconfig */,
			);
			name = Pods;
			sourceTree = "<group>";
		};
		961A49B02065D72F005BC79D /* Popup */ = {
			isa = PBXGroup;
			children = (
				962D6D4E20735DF6007E3785 /* SearchViewController.swift */,
				9662D3602064BA3400F8A9D5 /* PopupController.swift */,
				965F076F206F9AF30032DACD /* PopupContainerView.swift */,
				965F0771206F9B190032DACD /* PopupControllerWindowDelegate.swift */,
				961A49B52065D8B1005BC79D /* PopupPanel.swift */,
				961A49B72065D8DE005BC79D /* PopupBackgroundView.swift */,
			);
			path = Popup;
			sourceTree = "<group>";
		};
		961A49B92065DC1E005BC79D /* SearchAndPreview */ = {
			isa = PBXGroup;
			children = (
				968A97BD2066745D00D36B50 /* SearchAndPreviewView.xib */,
				965F0764206F4BE10032DACD /* SearchViewTableRowView.swift */,
				961A49B12065D85D005BC79D /* SearchAndPreviewView.swift */,
				965F076B206F586A0032DACD /* SearchViewTextViewDelegate.swift */,
				965F076D206F58A40032DACD /* SearchViewEvents.swift */,
				965F0766206F4C2A0032DACD /* CutBoxControllerTableViewDelegate.swift */,
				965F0769206F4C7A0032DACD /* CutBoxControllerTableViewDataSource.swift */,
			);
			path = SearchAndPreview;
			sourceTree = "<group>";
		};
		963AA6472071EDEB00779697 /* AboutPanel */ = {
			isa = PBXGroup;
			children = (
				965F078C206FD1890032DACD /* AboutPanel.swift */,
				963AA6432071C95000779697 /* AboutPanel.xib */,
			);
			path = AboutPanel;
			sourceTree = "<group>";
		};
		963AA6482071EE0600779697 /* PreferencesWindow */ = {
			isa = PBXGroup;
			children = (
				963AA6492071EE4800779697 /* PreferencesWindow.xib */,
				965F0783206FC4F60032DACD /* PreferencesWindow.swift */,
			);
			path = PreferencesWindow;
			sourceTree = "<group>";
		};
		963AA64B2071FD1500779697 /* DependencySubmodules */ = {
			isa = PBXGroup;
			children = (
				963AA64E2071FF0E00779697 /* KeyHolder.xcodeproj */,
			);
			path = DependencySubmodules;
			sourceTree = "<group>";
		};
		963AA64F2071FF0E00779697 /* Products */ = {
			isa = PBXGroup;
			children = (
				963AA6552071FF0E00779697 /* KeyHolder.framework */,
				963AA6572071FF0E00779697 /* KeyHolderTests.xctest */,
			);
			name = Products;
			sourceTree = "<group>";
		};
		964766652067A63700E7026F /* Extensions */ = {
			isa = PBXGroup;
			children = (
				963AA6452071E15900779697 /* KeyCombo+Archive.swift */,
				964766682067B82900E7026F /* DisableScrollView.swift */,
				964766632067A5F100E7026F /* NSObject+fromNib.swift */,
				964766662067A68000E7026F /* Collection+Safe.swift */,
			);
			path = Extensions;
			sourceTree = "<group>";
		};
		96564BD3205D495A00A95E02 /* Frameworks */ = {
			isa = PBXGroup;
			children = (
				963AA65A20725D0E00779697 /* Magnet.framework */,
				A86977FBC73098A02A097D0D /* Pods_CutBox.framework */,
				2CD751D99A166B816A663FDE /* Pods_Testing_CutBoxTests.framework */,
				97D664B206BC0907A3DA03C7 /* Pods_Testing_CutBoxUITests.framework */,
			);
			name = Frameworks;
			sourceTree = "<group>";
		};
		965F0785206FCDC60032DACD /* Images */ = {
			isa = PBXGroup;
			children = (
				965F0786206FCE170032DACD /* cutbox-icon-preview-256.png */,
			);
			path = Images;
			sourceTree = "<group>";
		};
		965F078E207120DB0032DACD /* Source */ = {
			isa = PBXGroup;
			children = (
				96E1E5C3205D295000F994ED /* App */,
				964766652067A63700E7026F /* Extensions */,
				96E1E597205D243400F994ED /* AppDelegate.swift */,
			);
			path = Source;
			sourceTree = "<group>";
		};
		965F0790207121800032DACD /* FakeKey */ = {
			isa = PBXGroup;
			children = (
				96CFA6B22069278700BAFABB /* FakeKey.swift */,
			);
			path = FakeKey;
			sourceTree = "<group>";
		};
		968A97BF20667CDC00D36B50 /* Pasteboard */ = {
			isa = PBXGroup;
			children = (
				968A97C020667CF800D36B50 /* PasteboardService.swift */,
			);
			path = Pasteboard;
			sourceTree = "<group>";
		};
		96E1E58B205D243400F994ED = {
			isa = PBXGroup;
			children = (
				96E1E596205D243400F994ED /* CutBox */,
				96E1E5A7205D243400F994ED /* CutBoxTests */,
				96E1E5B2205D243400F994ED /* CutBoxUITests */,
				96E1E595205D243400F994ED /* Products */,
				96564BD3205D495A00A95E02 /* Frameworks */,
				673FB9B3BF3E444A726CCE1F /* Pods */,
			);
			sourceTree = "<group>";
		};
		96E1E595205D243400F994ED /* Products */ = {
			isa = PBXGroup;
			children = (
				96E1E594205D243400F994ED /* CutBox.app */,
				96E1E5A4205D243400F994ED /* CutBoxTests.xctest */,
				96E1E5AF205D243400F994ED /* CutBoxUITests.xctest */,
			);
			name = Products;
			sourceTree = "<group>";
		};
		96E1E596205D243400F994ED /* CutBox */ = {
			isa = PBXGroup;
			children = (
				963AA64B2071FD1500779697 /* DependencySubmodules */,
				96085E40206C72C900CA77BB /* README.md */,
				965F078E207120DB0032DACD /* Source */,
				965F0785206FCDC60032DACD /* Images */,
				96E1E599205D243400F994ED /* Assets.xcassets */,
				96E1E59E205D243400F994ED /* Info.plist */,
				96E1E59F205D243400F994ED /* CutBox.entitlements */,
			);
			path = CutBox;
			sourceTree = "<group>";
		};
		96E1E5A7205D243400F994ED /* CutBoxTests */ = {
			isa = PBXGroup;
			children = (
				96E1E5A8205D243400F994ED /* CutBoxControllerSpec.swift */,
				96E1E5AA205D243400F994ED /* Info.plist */,
			);
			path = CutBoxTests;
			sourceTree = "<group>";
		};
		96E1E5B2205D243400F994ED /* CutBoxUITests */ = {
			isa = PBXGroup;
			children = (
				96E1E5B3205D243400F994ED /* CutBoxUITests.swift */,
				96E1E5B5205D243400F994ED /* Info.plist */,
			);
			path = CutBoxUITests;
			sourceTree = "<group>";
		};
		96E1E5C3205D295000F994ED /* App */ = {
			isa = PBXGroup;
			children = (
				96E1E59B205D243400F994ED /* CutBox.xib */,
				962D6D4A207356DA007E3785 /* Constants.swift */,
				96CFA6B42069C5BC00BAFABB /* CutBoxPreferences.swift */,
				962D6D4C207357ED007E3785 /* VersionService.swift */,
				962D6D482073544F007E3785 /* HotKeyService.swift */,
				96E1E5C4205D297900F994ED /* CutBoxController.swift */,
				963AA6472071EDEB00779697 /* AboutPanel */,
				965F0790207121800032DACD /* FakeKey */,
				968A97BF20667CDC00D36B50 /* Pasteboard */,
				961A49B02065D72F005BC79D /* Popup */,
				963AA6482071EE0600779697 /* PreferencesWindow */,
				961A49B92065DC1E005BC79D /* SearchAndPreview */,
			);
			path = App;
			sourceTree = "<group>";
		};
/* End PBXGroup section */

/* Begin PBXNativeTarget section */
		96E1E593205D243400F994ED /* CutBox */ = {
			isa = PBXNativeTarget;
			buildConfigurationList = 96E1E5B8205D243400F994ED /* Build configuration list for PBXNativeTarget "CutBox" */;
			buildPhases = (
				8845782D45805C1DC9FDD6CC /* [CP] Check Pods Manifest.lock */,
				96085E4A206E36CC00CA77BB /* Bump build number */,
				965F0762206F29600032DACD /* Bump version number on archive */,
				96E1E590205D243400F994ED /* Sources */,
				96E1E591205D243400F994ED /* Frameworks */,
				96E1E592205D243400F994ED /* Resources */,
				CC476ECB20BDFB3D052D6F29 /* [CP] Embed Pods Frameworks */,
				0D2B2C801A5E097A122A04D5 /* [CP] Copy Pods Resources */,
				96085E4D206E3D3900CA77BB /* Warn TODO / FIXME */,
				96085E4C206E37B200CA77BB /* Release notification warning */,
				963AA669207269CE00779697 /* Embed Frameworks */,
			);
			buildRules = (
			);
			dependencies = (
				963AA666207269CE00779697 /* PBXTargetDependency */,
			);
			name = CutBox;
			productName = CutBox;
			productReference = 96E1E594205D243400F994ED /* CutBox.app */;
			productType = "com.apple.product-type.application";
		};
		96E1E5A3205D243400F994ED /* CutBoxTests */ = {
			isa = PBXNativeTarget;
			buildConfigurationList = 96E1E5BB205D243400F994ED /* Build configuration list for PBXNativeTarget "CutBoxTests" */;
			buildPhases = (
				8C664551400D477B7EC9D50E /* [CP] Check Pods Manifest.lock */,
				96E1E5A0205D243400F994ED /* Sources */,
				96E1E5A1205D243400F994ED /* Frameworks */,
				96E1E5A2205D243400F994ED /* Resources */,
				96564BD8205D497D00A95E02 /* CopyFiles */,
				DC2171150C1C0377430C4859 /* [CP] Embed Pods Frameworks */,
				723EAB8C8D1270181AC31148 /* [CP] Copy Pods Resources */,
			);
			buildRules = (
			);
			dependencies = (
				96E1E5A6205D243400F994ED /* PBXTargetDependency */,
			);
			name = CutBoxTests;
			productName = CutBoxTests;
			productReference = 96E1E5A4205D243400F994ED /* CutBoxTests.xctest */;
			productType = "com.apple.product-type.bundle.unit-test";
		};
		96E1E5AE205D243400F994ED /* CutBoxUITests */ = {
			isa = PBXNativeTarget;
			buildConfigurationList = 96E1E5BE205D243400F994ED /* Build configuration list for PBXNativeTarget "CutBoxUITests" */;
			buildPhases = (
				DF1DD94D25E2F2874D70BCFF /* [CP] Check Pods Manifest.lock */,
				96E1E5AB205D243400F994ED /* Sources */,
				96E1E5AC205D243400F994ED /* Frameworks */,
				96E1E5AD205D243400F994ED /* Resources */,
				35EE74ECB9E534768DFF1A7A /* [CP] Embed Pods Frameworks */,
				1260C97E310BDFB8236AD8DB /* [CP] Copy Pods Resources */,
			);
			buildRules = (
			);
			dependencies = (
				96E1E5B1205D243400F994ED /* PBXTargetDependency */,
			);
			name = CutBoxUITests;
			productName = CutBoxUITests;
			productReference = 96E1E5AF205D243400F994ED /* CutBoxUITests.xctest */;
			productType = "com.apple.product-type.bundle.ui-testing";
		};
/* End PBXNativeTarget section */

/* Begin PBXProject section */
		96E1E58C205D243400F994ED /* Project object */ = {
			isa = PBXProject;
			attributes = {
				KnownAssetTags = (
					cutboxLogo,
				);
				LastSwiftUpdateCheck = 0920;
				LastUpgradeCheck = 0920;
				ORGANIZATIONNAME = ocodo;
				TargetAttributes = {
					96E1E593205D243400F994ED = {
						CreatedOnToolsVersion = 9.2;
						ProvisioningStyle = Automatic;
						SystemCapabilities = {
							com.apple.Sandbox = {
								enabled = 0;
							};
						};
					};
					96E1E5A3205D243400F994ED = {
						CreatedOnToolsVersion = 9.2;
						ProvisioningStyle = Automatic;
						TestTargetID = 96E1E593205D243400F994ED;
					};
					96E1E5AE205D243400F994ED = {
						CreatedOnToolsVersion = 9.2;
						ProvisioningStyle = Automatic;
						TestTargetID = 96E1E593205D243400F994ED;
					};
				};
			};
			buildConfigurationList = 96E1E58F205D243400F994ED /* Build configuration list for PBXProject "CutBox" */;
			compatibilityVersion = "Xcode 8.0";
			developmentRegion = en;
			hasScannedForEncodings = 0;
			knownRegions = (
				en,
				Base,
			);
			mainGroup = 96E1E58B205D243400F994ED;
			productRefGroup = 96E1E595205D243400F994ED /* Products */;
			projectDirPath = "";
			projectReferences = (
				{
					ProductGroup = 963AA64F2071FF0E00779697 /* Products */;
					ProjectRef = 963AA64E2071FF0E00779697 /* KeyHolder.xcodeproj */;
				},
			);
			projectRoot = "";
			targets = (
				96E1E593205D243400F994ED /* CutBox */,
				96E1E5A3205D243400F994ED /* CutBoxTests */,
				96E1E5AE205D243400F994ED /* CutBoxUITests */,
			);
		};
/* End PBXProject section */

/* Begin PBXReferenceProxy section */
		963AA6552071FF0E00779697 /* KeyHolder.framework */ = {
			isa = PBXReferenceProxy;
			fileType = wrapper.framework;
			path = KeyHolder.framework;
			remoteRef = 963AA6542071FF0E00779697 /* PBXContainerItemProxy */;
			sourceTree = BUILT_PRODUCTS_DIR;
		};
		963AA6572071FF0E00779697 /* KeyHolderTests.xctest */ = {
			isa = PBXReferenceProxy;
			fileType = wrapper.cfbundle;
			path = KeyHolderTests.xctest;
			remoteRef = 963AA6562071FF0E00779697 /* PBXContainerItemProxy */;
			sourceTree = BUILT_PRODUCTS_DIR;
		};
/* End PBXReferenceProxy section */

/* Begin PBXResourcesBuildPhase section */
		96E1E592205D243400F994ED /* Resources */ = {
			isa = PBXResourcesBuildPhase;
			buildActionMask = 2147483647;
			files = (
				96E1E59A205D243400F994ED /* Assets.xcassets in Resources */,
				965F0789206FCE170032DACD /* cutbox-icon-preview-256.png in Resources */,
				963AA6442071C95000779697 /* AboutPanel.xib in Resources */,
				96E1E59D205D243400F994ED /* CutBox.xib in Resources */,
				963AA64A2071EE4800779697 /* PreferencesWindow.xib in Resources */,
				968A97BE2066745D00D36B50 /* SearchAndPreviewView.xib in Resources */,
			);
			runOnlyForDeploymentPostprocessing = 0;
		};
		96E1E5A2205D243400F994ED /* Resources */ = {
			isa = PBXResourcesBuildPhase;
			buildActionMask = 2147483647;
			files = (
			);
			runOnlyForDeploymentPostprocessing = 0;
		};
		96E1E5AD205D243400F994ED /* Resources */ = {
			isa = PBXResourcesBuildPhase;
			buildActionMask = 2147483647;
			files = (
			);
			runOnlyForDeploymentPostprocessing = 0;
		};
/* End PBXResourcesBuildPhase section */

/* Begin PBXShellScriptBuildPhase section */
		0D2B2C801A5E097A122A04D5 /* [CP] Copy Pods Resources */ = {
			isa = PBXShellScriptBuildPhase;
			buildActionMask = 2147483647;
			files = (
			);
			inputPaths = (
			);
			name = "[CP] Copy Pods Resources";
			outputPaths = (
			);
			runOnlyForDeploymentPostprocessing = 0;
			shellPath = /bin/sh;
			shellScript = "\"${SRCROOT}/Pods/Target Support Files/Pods-CutBox/Pods-CutBox-resources.sh\"\n";
			showEnvVarsInLog = 0;
		};
		1260C97E310BDFB8236AD8DB /* [CP] Copy Pods Resources */ = {
			isa = PBXShellScriptBuildPhase;
			buildActionMask = 2147483647;
			files = (
			);
			inputPaths = (
			);
			name = "[CP] Copy Pods Resources";
			outputPaths = (
			);
			runOnlyForDeploymentPostprocessing = 0;
			shellPath = /bin/sh;
			shellScript = "\"${SRCROOT}/Pods/Target Support Files/Pods-Testing-CutBoxUITests/Pods-Testing-CutBoxUITests-resources.sh\"\n";
			showEnvVarsInLog = 0;
		};
		35EE74ECB9E534768DFF1A7A /* [CP] Embed Pods Frameworks */ = {
			isa = PBXShellScriptBuildPhase;
			buildActionMask = 2147483647;
			files = (
			);
			inputPaths = (
				"${SRCROOT}/Pods/Target Support Files/Pods-Testing-CutBoxUITests/Pods-Testing-CutBoxUITests-frameworks.sh",
				"${BUILT_PRODUCTS_DIR}/Nimble/Nimble.framework",
				"${BUILT_PRODUCTS_DIR}/Quick/Quick.framework",
			);
			name = "[CP] Embed Pods Frameworks";
			outputPaths = (
				"${TARGET_BUILD_DIR}/${FRAMEWORKS_FOLDER_PATH}/Nimble.framework",
				"${TARGET_BUILD_DIR}/${FRAMEWORKS_FOLDER_PATH}/Quick.framework",
			);
			runOnlyForDeploymentPostprocessing = 0;
			shellPath = /bin/sh;
			shellScript = "\"${SRCROOT}/Pods/Target Support Files/Pods-Testing-CutBoxUITests/Pods-Testing-CutBoxUITests-frameworks.sh\"\n";
			showEnvVarsInLog = 0;
		};
		723EAB8C8D1270181AC31148 /* [CP] Copy Pods Resources */ = {
			isa = PBXShellScriptBuildPhase;
			buildActionMask = 2147483647;
			files = (
			);
			inputPaths = (
			);
			name = "[CP] Copy Pods Resources";
			outputPaths = (
			);
			runOnlyForDeploymentPostprocessing = 0;
			shellPath = /bin/sh;
			shellScript = "\"${SRCROOT}/Pods/Target Support Files/Pods-Testing-CutBoxTests/Pods-Testing-CutBoxTests-resources.sh\"\n";
			showEnvVarsInLog = 0;
		};
		8845782D45805C1DC9FDD6CC /* [CP] Check Pods Manifest.lock */ = {
			isa = PBXShellScriptBuildPhase;
			buildActionMask = 2147483647;
			files = (
			);
			inputPaths = (
				"${PODS_PODFILE_DIR_PATH}/Podfile.lock",
				"${PODS_ROOT}/Manifest.lock",
			);
			name = "[CP] Check Pods Manifest.lock";
			outputPaths = (
				"$(DERIVED_FILE_DIR)/Pods-CutBox-checkManifestLockResult.txt",
			);
			runOnlyForDeploymentPostprocessing = 0;
			shellPath = /bin/sh;
			shellScript = "diff \"${PODS_PODFILE_DIR_PATH}/Podfile.lock\" \"${PODS_ROOT}/Manifest.lock\" > /dev/null\nif [ $? != 0 ] ; then\n    # print error to STDERR\n    echo \"error: The sandbox is not in sync with the Podfile.lock. Run 'pod install' or update your CocoaPods installation.\" >&2\n    exit 1\nfi\n# This output is used by Xcode 'outputs' to avoid re-running this script phase.\necho \"SUCCESS\" > \"${SCRIPT_OUTPUT_FILE_0}\"\n";
			showEnvVarsInLog = 0;
		};
		8C664551400D477B7EC9D50E /* [CP] Check Pods Manifest.lock */ = {
			isa = PBXShellScriptBuildPhase;
			buildActionMask = 2147483647;
			files = (
			);
			inputPaths = (
				"${PODS_PODFILE_DIR_PATH}/Podfile.lock",
				"${PODS_ROOT}/Manifest.lock",
			);
			name = "[CP] Check Pods Manifest.lock";
			outputPaths = (
				"$(DERIVED_FILE_DIR)/Pods-Testing-CutBoxTests-checkManifestLockResult.txt",
			);
			runOnlyForDeploymentPostprocessing = 0;
			shellPath = /bin/sh;
			shellScript = "diff \"${PODS_PODFILE_DIR_PATH}/Podfile.lock\" \"${PODS_ROOT}/Manifest.lock\" > /dev/null\nif [ $? != 0 ] ; then\n    # print error to STDERR\n    echo \"error: The sandbox is not in sync with the Podfile.lock. Run 'pod install' or update your CocoaPods installation.\" >&2\n    exit 1\nfi\n# This output is used by Xcode 'outputs' to avoid re-running this script phase.\necho \"SUCCESS\" > \"${SCRIPT_OUTPUT_FILE_0}\"\n";
			showEnvVarsInLog = 0;
		};
		96085E4A206E36CC00CA77BB /* Bump build number */ = {
			isa = PBXShellScriptBuildPhase;
			buildActionMask = 2147483647;
			files = (
			);
			inputPaths = (
			);
			name = "Bump build number";
			outputPaths = (
			);
			runOnlyForDeploymentPostprocessing = 0;
			shellPath = /bin/sh;
			shellScript = "buildNumber=$(/usr/libexec/PlistBuddy -c \"Print CFBundleVersion\" \"${PROJECT_DIR}/${INFOPLIST_FILE}\")\nbuildNumber=$(($buildNumber + 1))\n/usr/libexec/PlistBuddy -c \"Set :CFBundleVersion $buildNumber\" \"${PROJECT_DIR}/${INFOPLIST_FILE}\"\n";
		};
		96085E4C206E37B200CA77BB /* Release notification warning */ = {
			isa = PBXShellScriptBuildPhase;
			buildActionMask = 2147483647;
			files = (
			);
			inputPaths = (
			);
			name = "Release notification warning";
			outputPaths = (
			);
			runOnlyForDeploymentPostprocessing = 0;
			shellPath = /bin/sh;
			shellScript = "\"${PROJECT_DIR}/../bin/warn_do_release\"";
		};
		96085E4D206E3D3900CA77BB /* Warn TODO / FIXME */ = {
			isa = PBXShellScriptBuildPhase;
			buildActionMask = 2147483647;
			files = (
			);
			inputPaths = (
			);
			name = "Warn TODO / FIXME";
			outputPaths = (
			);
			runOnlyForDeploymentPostprocessing = 0;
			shellPath = /bin/sh;
			shellScript = "\"${PROJECT_DIR}/../bin/warn_tag_words\"";
		};
		965F0762206F29600032DACD /* Bump version number on archive */ = {
			isa = PBXShellScriptBuildPhase;
			buildActionMask = 8;
			files = (
			);
			inputPaths = (
			);
			name = "Bump version number on archive";
			outputPaths = (
			);
			runOnlyForDeploymentPostprocessing = 1;
			shellPath = /bin/sh;
			shellScript = "VERSIONNUM=$(/usr/libexec/PlistBuddy -c \"Print CFBundleShortVersionString\" \"${PROJECT_DIR}/${INFOPLIST_FILE}\")\nNEWSUBVERSION=`echo $VERSIONNUM | awk -F \".\" '{print $3}'`\nNEWSUBVERSION=$(($NEWSUBVERSION + 1))\nNEWVERSIONSTRING=`echo $VERSIONNUM | awk -F \".\" '{print $1 \".\" $2 \".'$NEWSUBVERSION'\" }'`\n\n/usr/libexec/PlistBuddy -c \"Set :CFBundleShortVersionString $NEWVERSIONSTRING\" \"${PROJECT_DIR}/${INFOPLIST_FILE}\"\n";
		};
		CC476ECB20BDFB3D052D6F29 /* [CP] Embed Pods Frameworks */ = {
			isa = PBXShellScriptBuildPhase;
			buildActionMask = 2147483647;
			files = (
			);
			inputPaths = (
				"${SRCROOT}/Pods/Target Support Files/Pods-CutBox/Pods-CutBox-frameworks.sh",
				"${BUILT_PRODUCTS_DIR}/RxCocoa/RxCocoa.framework",
				"${BUILT_PRODUCTS_DIR}/RxSwift/RxSwift.framework",
				"${BUILT_PRODUCTS_DIR}/SwiftyStringScore/SwiftyStringScore.framework",
			);
			name = "[CP] Embed Pods Frameworks";
			outputPaths = (
				"${TARGET_BUILD_DIR}/${FRAMEWORKS_FOLDER_PATH}/RxCocoa.framework",
				"${TARGET_BUILD_DIR}/${FRAMEWORKS_FOLDER_PATH}/RxSwift.framework",
				"${TARGET_BUILD_DIR}/${FRAMEWORKS_FOLDER_PATH}/SwiftyStringScore.framework",
			);
			runOnlyForDeploymentPostprocessing = 0;
			shellPath = /bin/sh;
			shellScript = "\"${SRCROOT}/Pods/Target Support Files/Pods-CutBox/Pods-CutBox-frameworks.sh\"\n";
			showEnvVarsInLog = 0;
		};
		DC2171150C1C0377430C4859 /* [CP] Embed Pods Frameworks */ = {
			isa = PBXShellScriptBuildPhase;
			buildActionMask = 2147483647;
			files = (
			);
			inputPaths = (
				"${SRCROOT}/Pods/Target Support Files/Pods-Testing-CutBoxTests/Pods-Testing-CutBoxTests-frameworks.sh",
				"${BUILT_PRODUCTS_DIR}/Nimble/Nimble.framework",
				"${BUILT_PRODUCTS_DIR}/Quick/Quick.framework",
			);
			name = "[CP] Embed Pods Frameworks";
			outputPaths = (
				"${TARGET_BUILD_DIR}/${FRAMEWORKS_FOLDER_PATH}/Nimble.framework",
				"${TARGET_BUILD_DIR}/${FRAMEWORKS_FOLDER_PATH}/Quick.framework",
			);
			runOnlyForDeploymentPostprocessing = 0;
			shellPath = /bin/sh;
			shellScript = "\"${SRCROOT}/Pods/Target Support Files/Pods-Testing-CutBoxTests/Pods-Testing-CutBoxTests-frameworks.sh\"\n";
			showEnvVarsInLog = 0;
		};
		DF1DD94D25E2F2874D70BCFF /* [CP] Check Pods Manifest.lock */ = {
			isa = PBXShellScriptBuildPhase;
			buildActionMask = 2147483647;
			files = (
			);
			inputPaths = (
				"${PODS_PODFILE_DIR_PATH}/Podfile.lock",
				"${PODS_ROOT}/Manifest.lock",
			);
			name = "[CP] Check Pods Manifest.lock";
			outputPaths = (
				"$(DERIVED_FILE_DIR)/Pods-Testing-CutBoxUITests-checkManifestLockResult.txt",
			);
			runOnlyForDeploymentPostprocessing = 0;
			shellPath = /bin/sh;
			shellScript = "diff \"${PODS_PODFILE_DIR_PATH}/Podfile.lock\" \"${PODS_ROOT}/Manifest.lock\" > /dev/null\nif [ $? != 0 ] ; then\n    # print error to STDERR\n    echo \"error: The sandbox is not in sync with the Podfile.lock. Run 'pod install' or update your CocoaPods installation.\" >&2\n    exit 1\nfi\n# This output is used by Xcode 'outputs' to avoid re-running this script phase.\necho \"SUCCESS\" > \"${SCRIPT_OUTPUT_FILE_0}\"\n";
			showEnvVarsInLog = 0;
		};
/* End PBXShellScriptBuildPhase section */

/* Begin PBXSourcesBuildPhase section */
		96E1E590205D243400F994ED /* Sources */ = {
			isa = PBXSourcesBuildPhase;
			buildActionMask = 2147483647;
			files = (
				962D6D4D207357ED007E3785 /* VersionService.swift in Sources */,
				965F0767206F4C2A0032DACD /* CutBoxControllerTableViewDelegate.swift in Sources */,
				962D6D4F20735DF6007E3785 /* SearchViewController.swift in Sources */,
				965F078D206FD1890032DACD /* AboutPanel.swift in Sources */,
				968A97C120667CF800D36B50 /* PasteboardService.swift in Sources */,
				962D6D492073544F007E3785 /* HotKeyService.swift in Sources */,
				96CFA6B32069278700BAFABB /* FakeKey.swift in Sources */,
				965F0770206F9AF30032DACD /* PopupContainerView.swift in Sources */,
				96E1E5C5205D297900F994ED /* CutBoxController.swift in Sources */,
				9662D3622064BA3400F8A9D5 /* PopupController.swift in Sources */,
				964766672067A68000E7026F /* Collection+Safe.swift in Sources */,
				964766642067A5F100E7026F /* NSObject+fromNib.swift in Sources */,
				965F076A206F4C7A0032DACD /* CutBoxControllerTableViewDataSource.swift in Sources */,
				965F076C206F586A0032DACD /* SearchViewTextViewDelegate.swift in Sources */,
				965F0772206F9B190032DACD /* PopupControllerWindowDelegate.swift in Sources */,
				961A49B22065D85D005BC79D /* SearchAndPreviewView.swift in Sources */,
				965F076E206F58A40032DACD /* SearchViewEvents.swift in Sources */,
				96E1E598205D243400F994ED /* AppDelegate.swift in Sources */,
				961A49B82065D8DE005BC79D /* PopupBackgroundView.swift in Sources */,
				965F0765206F4BE10032DACD /* SearchViewTableRowView.swift in Sources */,
				965F0784206FC4F60032DACD /* PreferencesWindow.swift in Sources */,
				96CFA6B52069C5BC00BAFABB /* CutBoxPreferences.swift in Sources */,
				964766692067B82900E7026F /* DisableScrollView.swift in Sources */,
				961A49B62065D8B1005BC79D /* PopupPanel.swift in Sources */,
				963AA6462071E15900779697 /* KeyCombo+Archive.swift in Sources */,
				962D6D4B207356DA007E3785 /* Constants.swift in Sources */,
			);
			runOnlyForDeploymentPostprocessing = 0;
		};
		96E1E5A0205D243400F994ED /* Sources */ = {
			isa = PBXSourcesBuildPhase;
			buildActionMask = 2147483647;
			files = (
				96E1E5A9205D243400F994ED /* CutBoxControllerSpec.swift in Sources */,
			);
			runOnlyForDeploymentPostprocessing = 0;
		};
		96E1E5AB205D243400F994ED /* Sources */ = {
			isa = PBXSourcesBuildPhase;
			buildActionMask = 2147483647;
			files = (
				96E1E5B4205D243400F994ED /* CutBoxUITests.swift in Sources */,
			);
			runOnlyForDeploymentPostprocessing = 0;
		};
/* End PBXSourcesBuildPhase section */

/* Begin PBXTargetDependency section */
		963AA666207269CE00779697 /* PBXTargetDependency */ = {
			isa = PBXTargetDependency;
			name = KeyHolder;
			targetProxy = 963AA665207269CE00779697 /* PBXContainerItemProxy */;
		};
		96E1E5A6205D243400F994ED /* PBXTargetDependency */ = {
			isa = PBXTargetDependency;
			target = 96E1E593205D243400F994ED /* CutBox */;
			targetProxy = 96E1E5A5205D243400F994ED /* PBXContainerItemProxy */;
		};
		96E1E5B1205D243400F994ED /* PBXTargetDependency */ = {
			isa = PBXTargetDependency;
			target = 96E1E593205D243400F994ED /* CutBox */;
			targetProxy = 96E1E5B0205D243400F994ED /* PBXContainerItemProxy */;
		};
/* End PBXTargetDependency section */

/* Begin PBXVariantGroup section */
		96E1E59B205D243400F994ED /* CutBox.xib */ = {
			isa = PBXVariantGroup;
			children = (
				96E1E59C205D243400F994ED /* Base */,
			);
			name = CutBox.xib;
			sourceTree = "<group>";
		};
/* End PBXVariantGroup section */

/* Begin XCBuildConfiguration section */
		96E1E5B6205D243400F994ED /* Debug */ = {
			isa = XCBuildConfiguration;
			buildSettings = {
				ALWAYS_SEARCH_USER_PATHS = NO;
				CLANG_ANALYZER_NONNULL = YES;
				CLANG_ANALYZER_NUMBER_OBJECT_CONVERSION = YES_AGGRESSIVE;
				CLANG_CXX_LANGUAGE_STANDARD = "gnu++14";
				CLANG_CXX_LIBRARY = "libc++";
				CLANG_ENABLE_MODULES = YES;
				CLANG_ENABLE_OBJC_ARC = YES;
				CLANG_WARN_BLOCK_CAPTURE_AUTORELEASING = YES;
				CLANG_WARN_BOOL_CONVERSION = YES;
				CLANG_WARN_COMMA = YES;
				CLANG_WARN_CONSTANT_CONVERSION = YES;
				CLANG_WARN_DIRECT_OBJC_ISA_USAGE = YES_ERROR;
				CLANG_WARN_DOCUMENTATION_COMMENTS = YES;
				CLANG_WARN_EMPTY_BODY = YES;
				CLANG_WARN_ENUM_CONVERSION = YES;
				CLANG_WARN_INFINITE_RECURSION = YES;
				CLANG_WARN_INT_CONVERSION = YES;
				CLANG_WARN_NON_LITERAL_NULL_CONVERSION = YES;
				CLANG_WARN_OBJC_LITERAL_CONVERSION = YES;
				CLANG_WARN_OBJC_ROOT_CLASS = YES_ERROR;
				CLANG_WARN_RANGE_LOOP_ANALYSIS = YES;
				CLANG_WARN_STRICT_PROTOTYPES = YES;
				CLANG_WARN_SUSPICIOUS_MOVE = YES;
				CLANG_WARN_UNGUARDED_AVAILABILITY = YES_AGGRESSIVE;
				CLANG_WARN_UNREACHABLE_CODE = YES;
				CLANG_WARN__DUPLICATE_METHOD_MATCH = YES;
				CODE_SIGN_IDENTITY = "-";
				COPY_PHASE_STRIP = NO;
				DEBUG_INFORMATION_FORMAT = dwarf;
				ENABLE_STRICT_OBJC_MSGSEND = YES;
				ENABLE_TESTABILITY = YES;
				GCC_C_LANGUAGE_STANDARD = gnu11;
				GCC_DYNAMIC_NO_PIC = NO;
				GCC_NO_COMMON_BLOCKS = YES;
				GCC_OPTIMIZATION_LEVEL = 0;
				GCC_PREPROCESSOR_DEFINITIONS = (
					"DEBUG=1",
					"$(inherited)",
				);
				GCC_WARN_64_TO_32_BIT_CONVERSION = YES;
				GCC_WARN_ABOUT_RETURN_TYPE = YES_ERROR;
				GCC_WARN_UNDECLARED_SELECTOR = YES;
				GCC_WARN_UNINITIALIZED_AUTOS = YES_AGGRESSIVE;
				GCC_WARN_UNUSED_FUNCTION = YES;
				GCC_WARN_UNUSED_VARIABLE = YES;
				MACOSX_DEPLOYMENT_TARGET = 10.11;
				MTL_ENABLE_DEBUG_INFO = YES;
				ONLY_ACTIVE_ARCH = YES;
				SDKROOT = macosx;
				SWIFT_ACTIVE_COMPILATION_CONDITIONS = DEBUG;
				SWIFT_OPTIMIZATION_LEVEL = "-Onone";
			};
			name = Debug;
		};
		96E1E5B7205D243400F994ED /* Release */ = {
			isa = XCBuildConfiguration;
			buildSettings = {
				ALWAYS_SEARCH_USER_PATHS = NO;
				CLANG_ANALYZER_NONNULL = YES;
				CLANG_ANALYZER_NUMBER_OBJECT_CONVERSION = YES_AGGRESSIVE;
				CLANG_CXX_LANGUAGE_STANDARD = "gnu++14";
				CLANG_CXX_LIBRARY = "libc++";
				CLANG_ENABLE_MODULES = YES;
				CLANG_ENABLE_OBJC_ARC = YES;
				CLANG_WARN_BLOCK_CAPTURE_AUTORELEASING = YES;
				CLANG_WARN_BOOL_CONVERSION = YES;
				CLANG_WARN_COMMA = YES;
				CLANG_WARN_CONSTANT_CONVERSION = YES;
				CLANG_WARN_DIRECT_OBJC_ISA_USAGE = YES_ERROR;
				CLANG_WARN_DOCUMENTATION_COMMENTS = YES;
				CLANG_WARN_EMPTY_BODY = YES;
				CLANG_WARN_ENUM_CONVERSION = YES;
				CLANG_WARN_INFINITE_RECURSION = YES;
				CLANG_WARN_INT_CONVERSION = YES;
				CLANG_WARN_NON_LITERAL_NULL_CONVERSION = YES;
				CLANG_WARN_OBJC_LITERAL_CONVERSION = YES;
				CLANG_WARN_OBJC_ROOT_CLASS = YES_ERROR;
				CLANG_WARN_RANGE_LOOP_ANALYSIS = YES;
				CLANG_WARN_STRICT_PROTOTYPES = YES;
				CLANG_WARN_SUSPICIOUS_MOVE = YES;
				CLANG_WARN_UNGUARDED_AVAILABILITY = YES_AGGRESSIVE;
				CLANG_WARN_UNREACHABLE_CODE = YES;
				CLANG_WARN__DUPLICATE_METHOD_MATCH = YES;
				CODE_SIGN_IDENTITY = "-";
				COPY_PHASE_STRIP = NO;
				DEBUG_INFORMATION_FORMAT = "dwarf-with-dsym";
				ENABLE_NS_ASSERTIONS = NO;
				ENABLE_STRICT_OBJC_MSGSEND = YES;
				GCC_C_LANGUAGE_STANDARD = gnu11;
				GCC_NO_COMMON_BLOCKS = YES;
				GCC_WARN_64_TO_32_BIT_CONVERSION = YES;
				GCC_WARN_ABOUT_RETURN_TYPE = YES_ERROR;
				GCC_WARN_UNDECLARED_SELECTOR = YES;
				GCC_WARN_UNINITIALIZED_AUTOS = YES_AGGRESSIVE;
				GCC_WARN_UNUSED_FUNCTION = YES;
				GCC_WARN_UNUSED_VARIABLE = YES;
				MACOSX_DEPLOYMENT_TARGET = 10.11;
				MTL_ENABLE_DEBUG_INFO = NO;
				SDKROOT = macosx;
				SWIFT_OPTIMIZATION_LEVEL = "-Owholemodule";
			};
			name = Release;
		};
		96E1E5B9205D243400F994ED /* Debug */ = {
			isa = XCBuildConfiguration;
			baseConfigurationReference = 1EB46E1EB3FD89D01B7C87CE /* Pods-CutBox.debug.xcconfig */;
			buildSettings = {
				ALWAYS_EMBED_SWIFT_STANDARD_LIBRARIES = YES;
				ASSETCATALOG_COMPILER_APPICON_NAME = AppIcon;
				CODE_SIGN_IDENTITY = "Mac Developer";
				CODE_SIGN_STYLE = Automatic;
				COMBINE_HIDPI_IMAGES = YES;
				DEVELOPMENT_TEAM = DDUM6CHDSV;
				INFOPLIST_FILE = CutBox/Info.plist;
				LD_RUNPATH_SEARCH_PATHS = "$(inherited) @executable_path/../Frameworks";
				MACOSX_DEPLOYMENT_TARGET = 10.11;
				PRODUCT_BUNDLE_IDENTIFIER = info.ocodo.CutBox;
				PRODUCT_NAME = "$(TARGET_NAME)";
				PROVISIONING_PROFILE_SPECIFIER = "";
				SWIFT_VERSION = 4.0;
			};
			name = Debug;
		};
		96E1E5BA205D243400F994ED /* Release */ = {
			isa = XCBuildConfiguration;
			baseConfigurationReference = AB72ABAA7D9E80CC20BA0EA7 /* Pods-CutBox.release.xcconfig */;
			buildSettings = {
				ALWAYS_EMBED_SWIFT_STANDARD_LIBRARIES = YES;
				ASSETCATALOG_COMPILER_APPICON_NAME = AppIcon;
				CODE_SIGN_IDENTITY = "Mac Developer";
				CODE_SIGN_STYLE = Automatic;
				COMBINE_HIDPI_IMAGES = YES;
				DEVELOPMENT_TEAM = DDUM6CHDSV;
				INFOPLIST_FILE = CutBox/Info.plist;
				LD_RUNPATH_SEARCH_PATHS = "$(inherited) @executable_path/../Frameworks";
				MACOSX_DEPLOYMENT_TARGET = 10.11;
				PRODUCT_BUNDLE_IDENTIFIER = info.ocodo.CutBox;
				PRODUCT_NAME = "$(TARGET_NAME)";
				PROVISIONING_PROFILE_SPECIFIER = "";
				SWIFT_VERSION = 4.0;
			};
			name = Release;
		};
		96E1E5BC205D243400F994ED /* Debug */ = {
			isa = XCBuildConfiguration;
			baseConfigurationReference = E873B731C9CB9950F7451A3E /* Pods-Testing-CutBoxTests.debug.xcconfig */;
			buildSettings = {
				ALWAYS_EMBED_SWIFT_STANDARD_LIBRARIES = YES;
				BUNDLE_LOADER = "$(TEST_HOST)";
				CODE_SIGN_STYLE = Automatic;
				COMBINE_HIDPI_IMAGES = YES;
				FRAMEWORK_SEARCH_PATHS = "$(inherited)";
				INFOPLIST_FILE = CutBoxTests/Info.plist;
				LD_RUNPATH_SEARCH_PATHS = "$(inherited) @executable_path/../Frameworks @loader_path/../Frameworks";
				PRODUCT_BUNDLE_IDENTIFIER = info.ocodo.CutBoxTests;
				PRODUCT_NAME = "$(TARGET_NAME)";
				SWIFT_VERSION = 4.0;
				TEST_HOST = "$(BUILT_PRODUCTS_DIR)/CutBox.app/Contents/MacOS/CutBox";
			};
			name = Debug;
		};
		96E1E5BD205D243400F994ED /* Release */ = {
			isa = XCBuildConfiguration;
			baseConfigurationReference = B3418B556AFD2F6C4EF6EF1D /* Pods-Testing-CutBoxTests.release.xcconfig */;
			buildSettings = {
				ALWAYS_EMBED_SWIFT_STANDARD_LIBRARIES = YES;
				BUNDLE_LOADER = "$(TEST_HOST)";
				CODE_SIGN_STYLE = Automatic;
				COMBINE_HIDPI_IMAGES = YES;
				FRAMEWORK_SEARCH_PATHS = "$(inherited)";
				INFOPLIST_FILE = CutBoxTests/Info.plist;
				LD_RUNPATH_SEARCH_PATHS = "$(inherited) @executable_path/../Frameworks @loader_path/../Frameworks";
				PRODUCT_BUNDLE_IDENTIFIER = info.ocodo.CutBoxTests;
				PRODUCT_NAME = "$(TARGET_NAME)";
				SWIFT_VERSION = 4.0;
				TEST_HOST = "$(BUILT_PRODUCTS_DIR)/CutBox.app/Contents/MacOS/CutBox";
			};
			name = Release;
		};
		96E1E5BF205D243400F994ED /* Debug */ = {
			isa = XCBuildConfiguration;
			baseConfigurationReference = 3284D284BDDF1A14D971120A /* Pods-Testing-CutBoxUITests.debug.xcconfig */;
			buildSettings = {
				ALWAYS_EMBED_SWIFT_STANDARD_LIBRARIES = YES;
				CODE_SIGN_STYLE = Automatic;
				COMBINE_HIDPI_IMAGES = YES;
				INFOPLIST_FILE = CutBoxUITests/Info.plist;
				LD_RUNPATH_SEARCH_PATHS = "$(inherited) @executable_path/../Frameworks @loader_path/../Frameworks";
				PRODUCT_BUNDLE_IDENTIFIER = info.ocodo.CutBoxUITests;
				PRODUCT_NAME = "$(TARGET_NAME)";
				SWIFT_VERSION = 4.0;
				TEST_TARGET_NAME = CutBox;
			};
			name = Debug;
		};
		96E1E5C0205D243400F994ED /* Release */ = {
			isa = XCBuildConfiguration;
			baseConfigurationReference = 3BD064440B3B0D6391568C98 /* Pods-Testing-CutBoxUITests.release.xcconfig */;
			buildSettings = {
				ALWAYS_EMBED_SWIFT_STANDARD_LIBRARIES = YES;
				CODE_SIGN_STYLE = Automatic;
				COMBINE_HIDPI_IMAGES = YES;
				INFOPLIST_FILE = CutBoxUITests/Info.plist;
				LD_RUNPATH_SEARCH_PATHS = "$(inherited) @executable_path/../Frameworks @loader_path/../Frameworks";
				PRODUCT_BUNDLE_IDENTIFIER = info.ocodo.CutBoxUITests;
				PRODUCT_NAME = "$(TARGET_NAME)";
				SWIFT_VERSION = 4.0;
				TEST_TARGET_NAME = CutBox;
			};
			name = Release;
		};
/* End XCBuildConfiguration section */

/* Begin XCConfigurationList section */
		96E1E58F205D243400F994ED /* Build configuration list for PBXProject "CutBox" */ = {
			isa = XCConfigurationList;
			buildConfigurations = (
				96E1E5B6205D243400F994ED /* Debug */,
				96E1E5B7205D243400F994ED /* Release */,
			);
			defaultConfigurationIsVisible = 0;
			defaultConfigurationName = Release;
		};
		96E1E5B8205D243400F994ED /* Build configuration list for PBXNativeTarget "CutBox" */ = {
			isa = XCConfigurationList;
			buildConfigurations = (
				96E1E5B9205D243400F994ED /* Debug */,
				96E1E5BA205D243400F994ED /* Release */,
			);
			defaultConfigurationIsVisible = 0;
			defaultConfigurationName = Release;
		};
		96E1E5BB205D243400F994ED /* Build configuration list for PBXNativeTarget "CutBoxTests" */ = {
			isa = XCConfigurationList;
			buildConfigurations = (
				96E1E5BC205D243400F994ED /* Debug */,
				96E1E5BD205D243400F994ED /* Release */,
			);
			defaultConfigurationIsVisible = 0;
			defaultConfigurationName = Release;
		};
		96E1E5BE205D243400F994ED /* Build configuration list for PBXNativeTarget "CutBoxUITests" */ = {
			isa = XCConfigurationList;
			buildConfigurations = (
				96E1E5BF205D243400F994ED /* Debug */,
				96E1E5C0205D243400F994ED /* Release */,
			);
			defaultConfigurationIsVisible = 0;
			defaultConfigurationName = Release;
		};
/* End XCConfigurationList section */
	};
	rootObject = 96E1E58C205D243400F994ED /* Project object */;
}
