PODS:
  - Nimble (7.1.1)
  - Quick (1.3.0)
  - RxCocoa (4.1.2):
    - RxSwift (~> 4.0)
  - RxSwift (4.1.2)
  - Sparkle (1.19.0)
  - SwiftyStringScore (0.1.1)

DEPENDENCIES:
  - Nimble
  - Quick
  - RxCocoa
  - RxSwift
  - Sparkle
  - SwiftyStringScore (from `git@github.com:yichizhang/SwiftyStringScore`)

EXTERNAL SOURCES:
  SwiftyStringScore:
    :git: git@github.com:yichizhang/SwiftyStringScore

CHECKOUT OPTIONS:
  SwiftyStringScore:
    :commit: 0b286b766b2a1d3270059bab7476abff81fff3d2
    :git: git@github.com:yichizhang/SwiftyStringScore

SPEC CHECKSUMS:
  Nimble: 391f07782af4b37914f9bd7b2ffbb952731b8202
  Quick: 03278013f71aa05fe9ecabc94fbcc6835f1ee76f
  RxCocoa: d88ba0f1f6abf040011a9eb4b539324fc426843a
  RxSwift: e49536837d9901277638493ea537394d4b55f570
  Sparkle: 8486d2493599665e466b5076e72b28849776e32f
  SwiftyStringScore: 6b8fa002b9ca4815840dc02f13309645369b835c

PODFILE CHECKSUM: f402dc30eb5b65a052847bbbd38964346fec6cd9

COCOAPODS: 1.4.0
