PODS:
  - Nimble (8.0.7)
  - Quick (2.2.0)
  - RxCocoa (5.1.1):
    - RxRelay (~> 5)
    - RxSwift (~> 5)
  - RxRelay (5.1.1):
    - RxSwift (~> 5)
  - RxSwift (5.1.1)
  - Sparkle (1.23.0)
  - SwiftyStringScore (0.2.2)

DEPENDENCIES:
  - Nimble
  - Quick
  - RxCocoa
  - RxSwift
  - Sparkle
  - "SwiftyStringScore (from `git@github.com:8bytes/SwiftyStringScore`)"

SPEC REPOS:
  https://github.com/cocoapods/specs.git:
    - Nimble
    - Quick
    - RxCocoa
    - RxRelay
    - RxSwift
    - Sparkle

EXTERNAL SOURCES:
  SwiftyStringScore:
    :git: "git@github.com:8bytes/SwiftyStringScore"

CHECKOUT OPTIONS:
  SwiftyStringScore:
    :commit: 19bf108ddd90de925fee83725e65b75836f75757
    :git: "git@github.com:8bytes/SwiftyStringScore"

SPEC CHECKSUMS:
  Nimble: a73af6ecd4c9106f434f3d55fc54570be3739e0b
  Quick: 7fb19e13be07b5dfb3b90d4f9824c855a11af40e
  RxCocoa: 32065309a38d29b5b0db858819b5bf9ef038b601
  RxRelay: d77f7d771495f43c556cbc43eebd1bb54d01e8e9
  RxSwift: 81470a2074fa8780320ea5fe4102807cb7118178
  Sparkle: 55b1a87ba69d56913375a281546b7c82dec95bb0
  SwiftyStringScore: e9a3a4d84d313f68a90fe30f0520b00c7834167a

PODFILE CHECKSUM: aef55c22ab7f06084791730de381c2f4318b376c

COCOAPODS: 1.6.1
