PODS:
  - JSONSchema (0.6.0)
  - KeyHolder (4.1.0):
    - Magnet (~> 3.3.0)
  - Magnet (3.3.0):
    - Sauce (~> 2.2.0)
  - Nimble (10.0.0)
  - Quick (5.0.1)
  - RxCocoa (6.5.0):
    - RxRelay (= 6.5.0)
    - RxSwift (= 6.5.0)
  - RxRelay (6.5.0):
    - RxSwift (= 6.5.0)
  - RxSwift (6.5.0)
  - Sauce (2.2.0)
  - Sparkle (2.4.2)
  - SwiftyStringScore (0.2.2)

DEPENDENCIES:
  - JSONSchema (from `https://github.com/kylef/JSONSchema.swift`)
  - KeyHolder
  - Nimble
  - Quick
  - RxCocoa
  - RxSwift
  - Sparkle
  - "SwiftyStringScore (from `git@github.com:8bytes/SwiftyStringScore`)"

SPEC REPOS:
  trunk:
    - KeyHolder
    - Magnet
    - Nimble
    - Quick
    - RxCocoa
    - RxRelay
    - RxSwift
    - Sauce
    - Sparkle

EXTERNAL SOURCES:
  JSONSchema:
    :git: https://github.com/kylef/JSONSchema.swift
  SwiftyStringScore:
    :git: "git@github.com:8bytes/SwiftyStringScore"

CHECKOUT OPTIONS:
  JSONSchema:
    :commit: 8c7ec156dde09715d8d2ed83cc8fe6b1ba90648c
    :git: https://github.com/kylef/JSONSchema.swift
  SwiftyStringScore:
    :commit: 19bf108ddd90de925fee83725e65b75836f75757
    :git: "git@github.com:8bytes/SwiftyStringScore"

SPEC CHECKSUMS:
  JSONSchema: 2fcb0c33de01b60afa07701b395732d66dfbd936
  KeyHolder: 7fce073043392cddc3e3126f3f9bdaa5ecf1f19e
  Magnet: a44a5a14eecc77433cbaad1431b78f7d20725bf2
  Nimble: 5316ef81a170ce87baf72dd961f22f89a602ff84
  Quick: 749aa754fd1e7d984f2000fe051e18a3a9809179
  RxCocoa: 94f817b71c07517321eb4f9ad299112ca8af743b
  RxRelay: 1de1523e604c72b6c68feadedd1af3b1b4d0ecbd
  RxSwift: 5710a9e6b17f3c3d6e40d6e559b9fa1e813b2ef8
  Sauce: 3ade51738563f86b08888cf4b91ae5943012088b
  Sparkle: 5ef7097e655c60f4aeb23fd1658fc3e8dd50f4ec
  SwiftyStringScore: e9a3a4d84d313f68a90fe30f0520b00c7834167a

PODFILE CHECKSUM: 9615dce552a9e80583a7c0f0c16d60d7600a5723

COCOAPODS: 1.12.1
